{
	"name": "@feathersjs/rest-client",
	"version": "1.4.6",
	"lockfileVersion": 1,
	"requires": true,
	"dependencies": {
		"body-parser": {
			"version": "1.18.3",
			"resolved": "https://registry.npmjs.org/body-parser/-/body-parser-1.18.3.tgz",
			"integrity": "sha1-WykhmP/dVTs6DyDe0FkrlWlVyLQ=",
			"dev": true,
			"requires": {
				"bytes": "3.0.0",
				"content-type": "~1.0.4",
				"debug": "2.6.9",
				"depd": "~1.1.2",
				"http-errors": "~1.6.3",
				"iconv-lite": "0.4.23",
				"on-finished": "~2.3.0",
				"qs": "6.5.2",
				"raw-body": "2.3.3",
				"type-is": "~1.6.16"
			},
			"dependencies": {
				"bytes": {
					"version": "3.0.0",
					"resolved": "https://registry.npmjs.org/bytes/-/bytes-3.0.0.tgz",
					"integrity": "sha1-0ygVQE1olpn4Wk6k+odV3ROpYEg=",
					"dev": true
				},
				"content-type": {
					"version": "1.0.4",
					"resolved": "https://registry.npmjs.org/content-type/-/content-type-1.0.4.tgz",
					"integrity": "sha512-hIP3EEPs8tB9AT1L+NUqtwOAps4mk2Zob89MWXMHjHWg9milF/j4osnnQLXBCBFBk/tvIG/tUc9mOUJiPBhPXA==",
					"dev": true
				},
				"debug": {
					"version": "2.6.9",
					"resolved": "https://registry.npmjs.org/debug/-/debug-2.6.9.tgz",
					"integrity": "sha512-bC7ElrdJaJnPbAP+1EotYvqZsb3ecl5wi6Bfi6BJTUcNowp6cvspg0jXznRTKDjm/E7AdgFBVeAPVMNcKGsHMA==",
					"dev": true,
					"requires": {
						"ms": "2.0.0"
					}
				},
				"depd": {
					"version": "1.1.2",
					"resolved": "https://registry.npmjs.org/depd/-/depd-1.1.2.tgz",
					"integrity": "sha1-m81S4UwJd2PnSbJ0xDRu0uVgtak=",
					"dev": true
				},
				"ee-first": {
					"version": "1.1.1",
					"resolved": "https://registry.npmjs.org/ee-first/-/ee-first-1.1.1.tgz",
					"integrity": "sha1-WQxhFWsK4vTwJVcyoViyZrxWsh0=",
					"dev": true
				},
				"http-errors": {
					"version": "1.6.3",
					"resolved": "http://registry.npmjs.org/http-errors/-/http-errors-1.6.3.tgz",
					"integrity": "sha1-i1VoC7S+KDoLW/TqLjhYC+HZMg0=",
					"dev": true,
					"requires": {
						"depd": "~1.1.2",
						"inherits": "2.0.3",
						"setprototypeof": "1.1.0",
						"statuses": ">= 1.4.0 < 2"
					}
				},
				"iconv-lite": {
					"version": "0.4.23",
					"resolved": "https://registry.npmjs.org/iconv-lite/-/iconv-lite-0.4.23.tgz",
					"integrity": "sha512-neyTUVFtahjf0mB3dZT77u+8O0QB89jFdnBkd5P1JgYPbPaia3gXXOVL2fq8VyU2gMMD7SaN7QukTB/pmXYvDA==",
					"dev": true,
					"requires": {
						"safer-buffer": ">= 2.1.2 < 3"
					}
				},
				"inherits": {
					"version": "2.0.3",
					"resolved": "https://registry.npmjs.org/inherits/-/inherits-2.0.3.tgz",
					"integrity": "sha1-Yzwsg+PaQqUC9SRmAiSA9CCCYd4=",
					"dev": true
				},
				"media-typer": {
					"version": "0.3.0",
					"resolved": "http://registry.npmjs.org/media-typer/-/media-typer-0.3.0.tgz",
					"integrity": "sha1-hxDXrwqmJvj/+hzgAWhUUmMlV0g=",
					"dev": true
				},
				"mime-db": {
					"version": "1.37.0",
					"resolved": "https://registry.npmjs.org/mime-db/-/mime-db-1.37.0.tgz",
					"integrity": "sha512-R3C4db6bgQhlIhPU48fUtdVmKnflq+hRdad7IyKhtFj06VPNVdk2RhiYL3UjQIlso8L+YxAtFkobT0VK+S/ybg==",
					"dev": true
				},
				"mime-types": {
					"version": "2.1.21",
					"resolved": "https://registry.npmjs.org/mime-types/-/mime-types-2.1.21.tgz",
					"integrity": "sha512-3iL6DbwpyLzjR3xHSFNFeb9Nz/M8WDkX33t1GFQnFOllWk8pOrh/LSrB5OXlnlW5P9LH73X6loW/eogc+F5lJg==",
					"dev": true,
					"requires": {
						"mime-db": "~1.37.0"
					}
				},
				"ms": {
					"version": "2.0.0",
					"resolved": "https://registry.npmjs.org/ms/-/ms-2.0.0.tgz",
					"integrity": "sha1-VgiurfwAvmwpAd9fmGF4jeDVl8g=",
					"dev": true
				},
				"on-finished": {
					"version": "2.3.0",
					"resolved": "https://registry.npmjs.org/on-finished/-/on-finished-2.3.0.tgz",
					"integrity": "sha1-IPEzZIGwg811M3mSoWlxqi2QaUc=",
					"dev": true,
					"requires": {
						"ee-first": "1.1.1"
					}
				},
				"qs": {
					"version": "6.5.2",
					"resolved": "https://registry.npmjs.org/qs/-/qs-6.5.2.tgz",
					"integrity": "sha512-N5ZAX4/LxJmF+7wN74pUD6qAh9/wnvdQcjq9TZjevvXzSUo7bfmw91saqMjzGS2xq91/odN2dW/WOl7qQHNDGA==",
					"dev": true
				},
				"raw-body": {
					"version": "2.3.3",
					"resolved": "https://registry.npmjs.org/raw-body/-/raw-body-2.3.3.tgz",
					"integrity": "sha512-9esiElv1BrZoI3rCDuOuKCBRbuApGGaDPQfjSflGxdy4oyzqghxu6klEkkVIvBje+FF0BX9coEv8KqW6X/7njw==",
					"dev": true,
					"requires": {
						"bytes": "3.0.0",
						"http-errors": "1.6.3",
						"iconv-lite": "0.4.23",
						"unpipe": "1.0.0"
					}
				},
				"safer-buffer": {
					"version": "2.1.2",
					"resolved": "https://registry.npmjs.org/safer-buffer/-/safer-buffer-2.1.2.tgz",
					"integrity": "sha512-YZo3K82SD7Riyi0E1EQPojLz7kpepnSQI9IyPbHHg1XXXevb5dJI7tpyN2ADxGcQbHG7vcyRHk0cbwqcQriUtg==",
					"dev": true
				},
				"setprototypeof": {
					"version": "1.1.0",
					"resolved": "https://registry.npmjs.org/setprototypeof/-/setprototypeof-1.1.0.tgz",
					"integrity": "sha512-BvE/TwpZX4FXExxOxZyRGQQv651MSwmWKZGqvmPcRIjDqWub67kTKuIMx43cZZrS/cBBzwBcNDWoFxt2XEFIpQ==",
					"dev": true
				},
				"statuses": {
					"version": "1.5.0",
					"resolved": "https://registry.npmjs.org/statuses/-/statuses-1.5.0.tgz",
					"integrity": "sha1-Fhx9rBd2Wf2YEfQ3cfqZOBR4Yow=",
					"dev": true
				},
				"type-is": {
					"version": "1.6.16",
					"resolved": "https://registry.npmjs.org/type-is/-/type-is-1.6.16.tgz",
					"integrity": "sha512-HRkVv/5qY2G6I8iab9cI7v1bOIdhm94dVjQCPFElW9W+3GeDOSHmy2EBYe4VTApuzolPcmgFTN3ftVJRKR2J9Q==",
					"dev": true,
					"requires": {
						"media-typer": "0.3.0",
						"mime-types": "~2.1.18"
					}
				},
				"unpipe": {
					"version": "1.0.0",
					"resolved": "https://registry.npmjs.org/unpipe/-/unpipe-1.0.0.tgz",
					"integrity": "sha1-sr9O6FFKrmFltIF4KdIbLvSZBOw=",
					"dev": true
				}
			}
		}
	}
}
