{
	"name": "@feathersjs/transport-commons",
	"version": "4.1.3",
	"lockfileVersion": 1,
	"requires": true,
	"dependencies": {
		"@feathersjs/commons": {
			"version": "3.0.0",
			"resolved": "https://registry.npmjs.org/@feathersjs/commons/-/commons-3.0.0.tgz",
			"integrity": "sha512-wNIQ5YttjPXrMJGm1tYOctzNm3oWt95mD47gdtr/QU2pbYWClCoZLcU7bSgjV2pLrxGvo9UnNhSmR/Y/cfhdNw=="
		},
		"@feathersjs/errors": {
			"version": "3.3.2",
			"resolved": "https://registry.npmjs.org/@feathersjs/errors/-/errors-3.3.2.tgz",
			"integrity": "sha512-9a2KHFMPRQw6zTuDo06YbgWyqXiWOqCi6iXI8kMrLDKAmkRvJjrCq+SXEJuz44hTxqBJtJBaW164Mez8tQqJbw==",
			"requires": {
				"debug": "^3.1.0"
			},
			"dependencies": {
				"debug": {
					"version": "3.1.0",
					"resolved": "https://registry.npmjs.org/debug/-/debug-3.1.0.tgz",
					"integrity": "sha512-OX8XqP7/1a9cqkxYw2yXss15f26NKWBpDXQd0/uK/KPqdQhxbPa994hnzjcE2VqQpDslf55723cKPUOGSmMY3g==",
					"requires": {
						"ms": "2.0.0"
					}
				}
			}
		},
		"@feathersjs/feathers": {
			"version": "3.2.1",
			"resolved": "https://registry.npmjs.org/@feathersjs/feathers/-/feathers-3.2.1.tgz",
			"integrity": "sha512-NX9YvKLg17H/2/PDS2YqhPAHskcSD2mcgyXRxcBi2zJSEjXRh+/gpAidaQzWF0SkwVsdq8ecasqRsHldS2GfxQ==",
			"dev": true,
			"requires": {
				"@feathersjs/commons": "^3.0.0",
				"debug": "^3.1.0",
				"events": "^3.0.0",
				"uberproto": "^2.0.2"
			},
			"dependencies": {
				"debug": {
					"version": "3.1.0",
					"resolved": "https://registry.npmjs.org/debug/-/debug-3.1.0.tgz",
					"integrity": "sha512-OX8XqP7/1a9cqkxYw2yXss15f26NKWBpDXQd0/uK/KPqdQhxbPa994hnzjcE2VqQpDslf55723cKPUOGSmMY3g==",
					"dev": true,
					"requires": {
						"ms": "2.0.0"
					}
				}
			}
		},
		"debug": {
			"version": "4.0.0",
			"resolved": "https://registry.npmjs.org/debug/-/debug-4.0.0.tgz",
			"integrity": "sha512-PlYAp+yaKUjcs6FIDv1G2kU9jh4+OOD7AniwnWEvdoeHSsi5X6vRNuI9MDZCl8YcF/aNsvuF5EDOjY/v90zdrg==",
			"requires": {
				"ms": "^2.1.1"
			},
			"dependencies": {
				"ms": {
					"version": "2.1.1",
					"resolved": "https://registry.npmjs.org/ms/-/ms-2.1.1.tgz",
					"integrity": "sha512-tgp+dl5cGk28utYktBsrFqA7HKgrhgPsg6Z/EfhWI4gl1Hwq8B/GmY/0oXZ6nF8hDVesS/FpnYaD/kOWhYQvyg=="
				}
			}
		},
		"events": {
			"version": "3.0.0",
			"resolved": "https://registry.npmjs.org/events/-/events-3.0.0.tgz",
			"integrity": "sha512-Dc381HFWJzEOhQ+d8pkNon++bk9h6cdAoAj4iE6Q4y6xgTzySWXlKn05/TVNpjnfRqi/X0EpJEJohPjNI3zpVA==",
			"dev": true
		},
		"lodash": {
			"version": "4.17.10",
			"resolved": "https://registry.npmjs.org/lodash/-/lodash-4.17.10.tgz",
			"integrity": "sha512-UejweD1pDoXu+AD825lWwp4ZGtSwgnpZxb3JDViD7StjQz+Nb/6l093lx4OQ0foGWNRoc19mWy7BzL+UAK2iVg=="
		},
		"ms": {
			"version": "2.0.0",
			"resolved": "https://registry.npmjs.org/ms/-/ms-2.0.0.tgz",
			"integrity": "sha1-VgiurfwAvmwpAd9fmGF4jeDVl8g="
		},
		"radix-router": {
			"version": "3.0.1",
			"resolved": "https://registry.npmjs.org/radix-router/-/radix-router-3.0.1.tgz",
			"integrity": "sha512-jpHXHgP+ZmVzEfmZ7WVRSvc/EqMoAqYuMtBsHd9s47Hs9Iy8FDJhkweMrDH0wmdxanLzVIWhq0UpomLXNpW8tg=="
		},
		"uberproto": {
			"version": "2.0.4",
			"resolved": "https://registry.npmjs.org/uberproto/-/uberproto-2.0.4.tgz",
			"integrity": "sha512-c/5xjTcztW9XVhrkCycHQRBIAxww5JpDKk/q0zc2tVdQn6ZQvnChWgLvQaWAT1Al5JvRyvloUI15ad41m6dYwg==",
			"dev": true
		}
	}
}
