{
	"name": "@feathersjs/authentication-oauth2",
	"version": "1.2.2",
	"lockfileVersion": 1,
	"requires": true,
	"dependencies": {
		"@feathersjs/authentication": {
			"version": "2.1.9",
			"resolved": "https://registry.npmjs.org/@feathersjs/authentication/-/authentication-2.1.9.tgz",
			"integrity": "sha512-bvCpn/2iBtKO8obJujYsHaRj4s0X4Ne6gYZc7K6Y7V/tX8S1bSPHXoxqizaIHEQS4kLUYIjwsIblWO8KIElQAQ==",
			"dev": true,
			"requires": {
				"@feathersjs/commons": "^3.0.0",
				"@feathersjs/errors": "^3.3.2",
				"@feathersjs/socket-commons": "^3.1.2",
				"debug": "^3.1.0",
				"jsonwebtoken": "^8.0.0",
				"lodash.clone": "^4.5.0",
				"lodash.merge": "^4.6.0",
				"lodash.omit": "^4.5.0",
				"lodash.pick": "^4.4.0",
				"long-timeout": "^0.1.1",
				"ms": "^2.0.0",
				"passport": "^0.4.0",
				"uuid": "^3.1.0"
			},
			"dependencies": {
				"debug": {
					"version": "3.1.0",
					"resolved": "https://registry.npmjs.org/debug/-/debug-3.1.0.tgz",
					"integrity": "sha512-OX8XqP7/1a9cqkxYw2yXss15f26NKWBpDXQd0/uK/KPqdQhxbPa994hnzjcE2VqQpDslf55723cKPUOGSmMY3g==",
					"dev": true,
					"requires": {
						"ms": "2.0.0"
					}
				}
			}
		},
		"@feathersjs/commons": {
			"version": "3.0.0",
			"resolved": "https://registry.npmjs.org/@feathersjs/commons/-/commons-3.0.0.tgz",
			"integrity": "sha512-wNIQ5YttjPXrMJGm1tYOctzNm3oWt95mD47gdtr/QU2pbYWClCoZLcU7bSgjV2pLrxGvo9UnNhSmR/Y/cfhdNw=="
		},
		"@feathersjs/errors": {
			"version": "3.3.2",
			"resolved": "https://registry.npmjs.org/@feathersjs/errors/-/errors-3.3.2.tgz",
			"integrity": "sha512-9a2KHFMPRQw6zTuDo06YbgWyqXiWOqCi6iXI8kMrLDKAmkRvJjrCq+SXEJuz44hTxqBJtJBaW164Mez8tQqJbw==",
			"requires": {
				"debug": "^3.1.0"
			},
			"dependencies": {
				"debug": {
					"version": "3.1.0",
					"resolved": "https://registry.npmjs.org/debug/-/debug-3.1.0.tgz",
					"integrity": "sha512-OX8XqP7/1a9cqkxYw2yXss15f26NKWBpDXQd0/uK/KPqdQhxbPa994hnzjcE2VqQpDslf55723cKPUOGSmMY3g==",
					"requires": {
						"ms": "2.0.0"
					}
				}
			}
		},
		"@feathersjs/express": {
			"version": "1.2.5",
			"resolved": "https://registry.npmjs.org/@feathersjs/express/-/express-1.2.5.tgz",
			"integrity": "sha512-HnoIvp/f8vTPlanF7zkg0Sqk2ukrf58ck/P4t1z7JTT0SG3zqgmUAS7XemEx3ckfIvz9mFJMedz2hw8HdE1yKQ==",
			"requires": {
				"@feathersjs/commons": "^3.0.0",
				"@feathersjs/errors": "^3.3.2",
				"debug": "^3.1.0",
				"express": "^4.16.2",
				"uberproto": "^2.0.0"
			},
			"dependencies": {
				"debug": {
					"version": "3.1.0",
					"resolved": "https://registry.npmjs.org/debug/-/debug-3.1.0.tgz",
					"integrity": "sha512-OX8XqP7/1a9cqkxYw2yXss15f26NKWBpDXQd0/uK/KPqdQhxbPa994hnzjcE2VqQpDslf55723cKPUOGSmMY3g==",
					"requires": {
						"ms": "2.0.0"
					}
				}
			}
		},
		"@feathersjs/feathers": {
			"version": "3.2.1",
			"resolved": "https://registry.npmjs.org/@feathersjs/feathers/-/feathers-3.2.1.tgz",
			"integrity": "sha512-NX9YvKLg17H/2/PDS2YqhPAHskcSD2mcgyXRxcBi2zJSEjXRh+/gpAidaQzWF0SkwVsdq8ecasqRsHldS2GfxQ==",
			"dev": true,
			"requires": {
				"@feathersjs/commons": "^3.0.0",
				"debug": "^3.1.0",
				"events": "^3.0.0",
				"uberproto": "^2.0.2"
			},
			"dependencies": {
				"debug": {
					"version": "3.1.0",
					"resolved": "https://registry.npmjs.org/debug/-/debug-3.1.0.tgz",
					"integrity": "sha512-OX8XqP7/1a9cqkxYw2yXss15f26NKWBpDXQd0/uK/KPqdQhxbPa994hnzjcE2VqQpDslf55723cKPUOGSmMY3g==",
					"dev": true,
					"requires": {
						"ms": "2.0.0"
					}
				}
			}
		},
		"@feathersjs/socket-commons": {
			"version": "3.1.5",
			"resolved": "https://registry.npmjs.org/@feathersjs/socket-commons/-/socket-commons-3.1.5.tgz",
			"integrity": "sha512-cnMqVNGR0fOM00UqRmslmPiUZ2UKToTxesoGwZvhvq4unF032KzS4gz8bZ7qYsin9HmAP/E2gs2v0119CR7LKQ==",
			"dev": true,
			"requires": {
				"@feathersjs/errors": "^3.0.0",
				"debug": "^3.1.0",
				"lodash": "^4.17.4",
				"url-pattern": "^1.0.3"
			},
			"dependencies": {
				"debug": {
					"version": "3.1.0",
					"resolved": "https://registry.npmjs.org/debug/-/debug-3.1.0.tgz",
					"integrity": "sha512-OX8XqP7/1a9cqkxYw2yXss15f26NKWBpDXQd0/uK/KPqdQhxbPa994hnzjcE2VqQpDslf55723cKPUOGSmMY3g==",
					"dev": true,
					"requires": {
						"ms": "2.0.0"
					}
				}
			}
		},
		"accepts": {
			"version": "1.3.5",
			"resolved": "https://registry.npmjs.org/accepts/-/accepts-1.3.5.tgz",
			"integrity": "sha1-63d99gEXI6OxTopywIBcjoZ0a9I=",
			"requires": {
				"mime-types": "~2.1.18",
				"negotiator": "0.6.1"
			}
		},
		"array-flatten": {
			"version": "1.1.1",
			"resolved": "https://registry.npmjs.org/array-flatten/-/array-flatten-1.1.1.tgz",
			"integrity": "sha1-ml9pkFGx5wczKPKgCJaLZOopVdI="
		},
		"assertion-error": {
			"version": "1.1.0",
			"resolved": "https://registry.npmjs.org/assertion-error/-/assertion-error-1.1.0.tgz",
			"integrity": "sha512-jgsaNduz+ndvGyFt3uSuWqvy4lCnIJiovtouQN5JZHOKCS2QuhEdbcQHFhVksz2N2U9hXJo8odG7ETyWlEeuDw==",
			"dev": true
		},
		"body-parser": {
			"version": "1.18.3",
			"resolved": "https://registry.npmjs.org/body-parser/-/body-parser-1.18.3.tgz",
			"integrity": "sha1-WykhmP/dVTs6DyDe0FkrlWlVyLQ=",
			"dev": true,
			"requires": {
				"bytes": "3.0.0",
				"content-type": "~1.0.4",
				"debug": "2.6.9",
				"depd": "~1.1.2",
				"http-errors": "~1.6.3",
				"iconv-lite": "0.4.23",
				"on-finished": "~2.3.0",
				"qs": "6.5.2",
				"raw-body": "2.3.3",
				"type-is": "~1.6.16"
			},
			"dependencies": {
				"bytes": {
					"version": "3.0.0",
					"resolved": "https://registry.npmjs.org/bytes/-/bytes-3.0.0.tgz",
					"integrity": "sha1-0ygVQE1olpn4Wk6k+odV3ROpYEg=",
					"dev": true
				},
				"content-type": {
					"version": "1.0.4",
					"resolved": "https://registry.npmjs.org/content-type/-/content-type-1.0.4.tgz",
					"integrity": "sha512-hIP3EEPs8tB9AT1L+NUqtwOAps4mk2Zob89MWXMHjHWg9milF/j4osnnQLXBCBFBk/tvIG/tUc9mOUJiPBhPXA==",
					"dev": true
				},
				"debug": {
					"version": "2.6.9",
					"resolved": "https://registry.npmjs.org/debug/-/debug-2.6.9.tgz",
					"integrity": "sha512-bC7ElrdJaJnPbAP+1EotYvqZsb3ecl5wi6Bfi6BJTUcNowp6cvspg0jXznRTKDjm/E7AdgFBVeAPVMNcKGsHMA==",
					"dev": true,
					"requires": {
						"ms": "2.0.0"
					}
				},
				"depd": {
					"version": "1.1.2",
					"resolved": "https://registry.npmjs.org/depd/-/depd-1.1.2.tgz",
					"integrity": "sha1-m81S4UwJd2PnSbJ0xDRu0uVgtak=",
					"dev": true
				},
				"ee-first": {
					"version": "1.1.1",
					"resolved": "https://registry.npmjs.org/ee-first/-/ee-first-1.1.1.tgz",
					"integrity": "sha1-WQxhFWsK4vTwJVcyoViyZrxWsh0=",
					"dev": true
				},
				"http-errors": {
					"version": "1.6.3",
					"resolved": "https://registry.npmjs.org/http-errors/-/http-errors-1.6.3.tgz",
					"integrity": "sha1-i1VoC7S+KDoLW/TqLjhYC+HZMg0=",
					"dev": true,
					"requires": {
						"depd": "~1.1.2",
						"inherits": "2.0.3",
						"setprototypeof": "1.1.0",
						"statuses": ">= 1.4.0 < 2"
					}
				},
				"iconv-lite": {
					"version": "0.4.23",
					"resolved": "https://registry.npmjs.org/iconv-lite/-/iconv-lite-0.4.23.tgz",
					"integrity": "sha512-neyTUVFtahjf0mB3dZT77u+8O0QB89jFdnBkd5P1JgYPbPaia3gXXOVL2fq8VyU2gMMD7SaN7QukTB/pmXYvDA==",
					"dev": true,
					"requires": {
						"safer-buffer": ">= 2.1.2 < 3"
					}
				},
				"inherits": {
					"version": "2.0.3",
					"resolved": "https://registry.npmjs.org/inherits/-/inherits-2.0.3.tgz",
					"integrity": "sha1-Yzwsg+PaQqUC9SRmAiSA9CCCYd4=",
					"dev": true
				},
				"media-typer": {
					"version": "0.3.0",
					"resolved": "https://registry.npmjs.org/media-typer/-/media-typer-0.3.0.tgz",
					"integrity": "sha1-hxDXrwqmJvj/+hzgAWhUUmMlV0g=",
					"dev": true
				},
				"mime-db": {
					"version": "1.36.0",
					"resolved": "https://registry.npmjs.org/mime-db/-/mime-db-1.36.0.tgz",
					"integrity": "sha512-L+xvyD9MkoYMXb1jAmzI/lWYAxAMCPvIBSWur0PZ5nOf5euahRLVqH//FKW9mWp2lkqUgYiXPgkzfMUFi4zVDw==",
					"dev": true
				},
				"mime-types": {
					"version": "2.1.20",
					"resolved": "https://registry.npmjs.org/mime-types/-/mime-types-2.1.20.tgz",
					"integrity": "sha512-HrkrPaP9vGuWbLK1B1FfgAkbqNjIuy4eHlIYnFi7kamZyLLrGlo2mpcx0bBmNpKqBtYtAfGbodDddIgddSJC2A==",
					"dev": true,
					"requires": {
						"mime-db": "~1.36.0"
					}
				},
				"ms": {
					"version": "2.0.0",
					"resolved": "https://registry.npmjs.org/ms/-/ms-2.0.0.tgz",
					"integrity": "sha1-VgiurfwAvmwpAd9fmGF4jeDVl8g=",
					"dev": true
				},
				"on-finished": {
					"version": "2.3.0",
					"resolved": "https://registry.npmjs.org/on-finished/-/on-finished-2.3.0.tgz",
					"integrity": "sha1-IPEzZIGwg811M3mSoWlxqi2QaUc=",
					"dev": true,
					"requires": {
						"ee-first": "1.1.1"
					}
				},
				"qs": {
					"version": "6.5.2",
					"resolved": "https://registry.npmjs.org/qs/-/qs-6.5.2.tgz",
					"integrity": "sha512-N5ZAX4/LxJmF+7wN74pUD6qAh9/wnvdQcjq9TZjevvXzSUo7bfmw91saqMjzGS2xq91/odN2dW/WOl7qQHNDGA==",
					"dev": true
				},
				"raw-body": {
					"version": "2.3.3",
					"resolved": "https://registry.npmjs.org/raw-body/-/raw-body-2.3.3.tgz",
					"integrity": "sha512-9esiElv1BrZoI3rCDuOuKCBRbuApGGaDPQfjSflGxdy4oyzqghxu6klEkkVIvBje+FF0BX9coEv8KqW6X/7njw==",
					"dev": true,
					"requires": {
						"bytes": "3.0.0",
						"http-errors": "1.6.3",
						"iconv-lite": "0.4.23",
						"unpipe": "1.0.0"
					}
				},
				"safer-buffer": {
					"version": "2.1.2",
					"resolved": "https://registry.npmjs.org/safer-buffer/-/safer-buffer-2.1.2.tgz",
					"integrity": "sha512-YZo3K82SD7Riyi0E1EQPojLz7kpepnSQI9IyPbHHg1XXXevb5dJI7tpyN2ADxGcQbHG7vcyRHk0cbwqcQriUtg==",
					"dev": true
				},
				"setprototypeof": {
					"version": "1.1.0",
					"resolved": "https://registry.npmjs.org/setprototypeof/-/setprototypeof-1.1.0.tgz",
					"integrity": "sha512-BvE/TwpZX4FXExxOxZyRGQQv651MSwmWKZGqvmPcRIjDqWub67kTKuIMx43cZZrS/cBBzwBcNDWoFxt2XEFIpQ==",
					"dev": true
				},
				"statuses": {
					"version": "1.5.0",
					"resolved": "https://registry.npmjs.org/statuses/-/statuses-1.5.0.tgz",
					"integrity": "sha1-Fhx9rBd2Wf2YEfQ3cfqZOBR4Yow=",
					"dev": true
				},
				"type-is": {
					"version": "1.6.16",
					"resolved": "https://registry.npmjs.org/type-is/-/type-is-1.6.16.tgz",
					"integrity": "sha512-HRkVv/5qY2G6I8iab9cI7v1bOIdhm94dVjQCPFElW9W+3GeDOSHmy2EBYe4VTApuzolPcmgFTN3ftVJRKR2J9Q==",
					"dev": true,
					"requires": {
						"media-typer": "0.3.0",
						"mime-types": "~2.1.18"
					}
				},
				"unpipe": {
					"version": "1.0.0",
					"resolved": "https://registry.npmjs.org/unpipe/-/unpipe-1.0.0.tgz",
					"integrity": "sha1-sr9O6FFKrmFltIF4KdIbLvSZBOw=",
					"dev": true
				}
			}
		},
		"buffer-equal-constant-time": {
			"version": "1.0.1",
			"resolved": "https://registry.npmjs.org/buffer-equal-constant-time/-/buffer-equal-constant-time-1.0.1.tgz",
			"integrity": "sha1-+OcRMvf/5uAaXJaXpMbz5I1cyBk=",
			"dev": true
		},
		"bytes": {
			"version": "3.0.0",
			"resolved": "https://registry.npmjs.org/bytes/-/bytes-3.0.0.tgz",
			"integrity": "sha1-0ygVQE1olpn4Wk6k+odV3ROpYEg="
		},
		"chai": {
			"version": "4.1.2",
			"resolved": "https://registry.npmjs.org/chai/-/chai-4.1.2.tgz",
			"integrity": "sha1-D2RYS6ZC8PKs4oBiefTwbKI61zw=",
			"dev": true,
			"requires": {
				"assertion-error": "^1.0.1",
				"check-error": "^1.0.1",
				"deep-eql": "^3.0.0",
				"get-func-name": "^2.0.0",
				"pathval": "^1.0.0",
				"type-detect": "^4.0.0"
			}
		},
		"check-error": {
			"version": "1.0.2",
			"resolved": "https://registry.npmjs.org/check-error/-/check-error-1.0.2.tgz",
			"integrity": "sha1-V00xLt2Iu13YkS6Sht1sCu1KrII=",
			"dev": true
		},
		"content-disposition": {
			"version": "0.5.2",
			"resolved": "https://registry.npmjs.org/content-disposition/-/content-disposition-0.5.2.tgz",
			"integrity": "sha1-DPaLud318r55YcOoUXjLhdunjLQ="
		},
		"content-type": {
			"version": "1.0.4",
			"resolved": "https://registry.npmjs.org/content-type/-/content-type-1.0.4.tgz",
			"integrity": "sha512-hIP3EEPs8tB9AT1L+NUqtwOAps4mk2Zob89MWXMHjHWg9milF/j4osnnQLXBCBFBk/tvIG/tUc9mOUJiPBhPXA=="
		},
		"cookie": {
			"version": "0.3.1",
			"resolved": "https://registry.npmjs.org/cookie/-/cookie-0.3.1.tgz",
			"integrity": "sha1-5+Ch+e9DtMi6klxcWpboBtFoc7s="
		},
		"cookie-signature": {
			"version": "1.0.6",
			"resolved": "https://registry.npmjs.org/cookie-signature/-/cookie-signature-1.0.6.tgz",
			"integrity": "sha1-4wOogrNCzD7oylE6eZmXNNqzriw="
		},
		"debug": {
			"version": "4.0.0",
			"resolved": "https://registry.npmjs.org/debug/-/debug-4.0.0.tgz",
			"integrity": "sha512-PlYAp+yaKUjcs6FIDv1G2kU9jh4+OOD7AniwnWEvdoeHSsi5X6vRNuI9MDZCl8YcF/aNsvuF5EDOjY/v90zdrg==",
			"requires": {
				"ms": "^2.1.1"
			},
			"dependencies": {
				"ms": {
					"version": "2.1.1",
					"resolved": "https://registry.npmjs.org/ms/-/ms-2.1.1.tgz",
					"integrity": "sha512-tgp+dl5cGk28utYktBsrFqA7HKgrhgPsg6Z/EfhWI4gl1Hwq8B/GmY/0oXZ6nF8hDVesS/FpnYaD/kOWhYQvyg=="
				}
			}
		},
		"deep-eql": {
			"version": "3.0.1",
			"resolved": "https://registry.npmjs.org/deep-eql/-/deep-eql-3.0.1.tgz",
			"integrity": "sha512-+QeIQyN5ZuO+3Uk5DYh6/1eKO0m0YmJFGNmFHGACpf1ClL1nmlV/p4gNgbl2pJGxgXb4faqo6UE+M5ACEMyVcw==",
			"dev": true,
			"requires": {
				"type-detect": "^4.0.0"
			}
		},
		"depd": {
			"version": "1.1.2",
			"resolved": "https://registry.npmjs.org/depd/-/depd-1.1.2.tgz",
			"integrity": "sha1-m81S4UwJd2PnSbJ0xDRu0uVgtak="
		},
		"destroy": {
			"version": "1.0.4",
			"resolved": "https://registry.npmjs.org/destroy/-/destroy-1.0.4.tgz",
			"integrity": "sha1-l4hXRCxEdJ5CBmE+N5RiBYJqvYA="
		},
		"ecdsa-sig-formatter": {
			"version": "1.0.10",
			"resolved": "https://registry.npmjs.org/ecdsa-sig-formatter/-/ecdsa-sig-formatter-1.0.10.tgz",
			"integrity": "sha1-HFlQAPBKiJffuFAAiSoPTDOvhsM=",
			"dev": true,
			"requires": {
				"safe-buffer": "^5.0.1"
			}
		},
		"ee-first": {
			"version": "1.1.1",
			"resolved": "https://registry.npmjs.org/ee-first/-/ee-first-1.1.1.tgz",
			"integrity": "sha1-WQxhFWsK4vTwJVcyoViyZrxWsh0="
		},
		"encodeurl": {
			"version": "1.0.2",
			"resolved": "https://registry.npmjs.org/encodeurl/-/encodeurl-1.0.2.tgz",
			"integrity": "sha1-rT/0yG7C0CkyL1oCw6mmBslbP1k="
		},
		"escape-html": {
			"version": "1.0.3",
			"resolved": "https://registry.npmjs.org/escape-html/-/escape-html-1.0.3.tgz",
			"integrity": "sha1-Aljq5NPQwJdN4cFpGI7wBR0dGYg="
		},
		"etag": {
			"version": "1.8.1",
			"resolved": "https://registry.npmjs.org/etag/-/etag-1.8.1.tgz",
			"integrity": "sha1-Qa4u62XvpiJorr/qg6x9eSmbCIc="
		},
		"events": {
			"version": "3.0.0",
			"resolved": "https://registry.npmjs.org/events/-/events-3.0.0.tgz",
			"integrity": "sha512-Dc381HFWJzEOhQ+d8pkNon++bk9h6cdAoAj4iE6Q4y6xgTzySWXlKn05/TVNpjnfRqi/X0EpJEJohPjNI3zpVA==",
			"dev": true
		},
		"express": {
			"version": "4.16.3",
			"resolved": "http://registry.npmjs.org/express/-/express-4.16.3.tgz",
			"integrity": "sha1-avilAjUNsyRuzEvs9rWjTSL37VM=",
			"requires": {
				"accepts": "~1.3.5",
				"array-flatten": "1.1.1",
				"body-parser": "1.18.2",
				"content-disposition": "0.5.2",
				"content-type": "~1.0.4",
				"cookie": "0.3.1",
				"cookie-signature": "1.0.6",
				"debug": "2.6.9",
				"depd": "~1.1.2",
				"encodeurl": "~1.0.2",
				"escape-html": "~1.0.3",
				"etag": "~1.8.1",
				"finalhandler": "1.1.1",
				"fresh": "0.5.2",
				"merge-descriptors": "1.0.1",
				"methods": "~1.1.2",
				"on-finished": "~2.3.0",
				"parseurl": "~1.3.2",
				"path-to-regexp": "0.1.7",
				"proxy-addr": "~2.0.3",
				"qs": "6.5.1",
				"range-parser": "~1.2.0",
				"safe-buffer": "5.1.1",
				"send": "0.16.2",
				"serve-static": "1.13.2",
				"setprototypeof": "1.1.0",
				"statuses": "~1.4.0",
				"type-is": "~1.6.16",
				"utils-merge": "1.0.1",
				"vary": "~1.1.2"
			},
			"dependencies": {
				"body-parser": {
					"version": "1.18.2",
					"resolved": "https://registry.npmjs.org/body-parser/-/body-parser-1.18.2.tgz",
					"integrity": "sha1-h2eKGdhLR9hZuDGZvVm84iKxBFQ=",
					"requires": {
						"bytes": "3.0.0",
						"content-type": "~1.0.4",
						"debug": "2.6.9",
						"depd": "~1.1.1",
						"http-errors": "~1.6.2",
						"iconv-lite": "0.4.19",
						"on-finished": "~2.3.0",
						"qs": "6.5.1",
						"raw-body": "2.3.2",
						"type-is": "~1.6.15"
					}
				},
				"debug": {
					"version": "2.6.9",
					"resolved": "https://registry.npmjs.org/debug/-/debug-2.6.9.tgz",
					"integrity": "sha512-bC7ElrdJaJnPbAP+1EotYvqZsb3ecl5wi6Bfi6BJTUcNowp6cvspg0jXznRTKDjm/E7AdgFBVeAPVMNcKGsHMA==",
					"requires": {
						"ms": "2.0.0"
					}
				}
			}
		},
		"feathers-memory": {
			"version": "2.2.0",
			"resolved": "https://registry.npmjs.org/feathers-memory/-/feathers-memory-2.2.0.tgz",
			"integrity": "sha512-rkx6oKBMbQbqtXUCS8GfC9wRubcNNBD0cHIU7Mesyg1Wsk0Dm7JftqrLz0fax1R1j2VMmMM8EZXuljhdtfdGLw==",
			"dev": true,
			"requires": {
				"@feathersjs/commons": "^1.3.0",
				"@feathersjs/errors": "^3.2.0",
				"sift": "^6.0.0",
				"uberproto": "^2.0.1"
			},
			"dependencies": {
				"@feathersjs/commons": {
					"version": "1.4.4",
					"resolved": "https://registry.npmjs.org/@feathersjs/commons/-/commons-1.4.4.tgz",
					"integrity": "sha512-ZPpzyZA3CPfoa9AuFv3BJUI/ubzaaXixp8T/pqeMFPT6DOaU/6oF7lz1RxwimzfJNna4gy/HByt0EoLSI3BKWg==",
					"dev": true
				},
				"@feathersjs/errors": {
					"version": "3.3.1",
					"resolved": "https://registry.npmjs.org/@feathersjs/errors/-/errors-3.3.1.tgz",
					"integrity": "sha512-ZBrZ8+oE90Iyvc/zxILE9tPV/D0gd6ZVNusvoHjPHGQN94YBkGCXrTD7Q9FvRqjl0vsyLn3xd5koiUv1giu0jg==",
					"dev": true,
					"requires": {
						"debug": "^3.1.0"
					}
				},
				"debug": {
					"version": "3.1.0",
					"resolved": "https://registry.npmjs.org/debug/-/debug-3.1.0.tgz",
					"integrity": "sha512-OX8XqP7/1a9cqkxYw2yXss15f26NKWBpDXQd0/uK/KPqdQhxbPa994hnzjcE2VqQpDslf55723cKPUOGSmMY3g==",
					"dev": true,
					"requires": {
						"ms": "2.0.0"
					}
				},
				"ms": {
					"version": "2.0.0",
					"resolved": "https://registry.npmjs.org/ms/-/ms-2.0.0.tgz",
					"integrity": "sha1-VgiurfwAvmwpAd9fmGF4jeDVl8g=",
					"dev": true
				},
				"sift": {
					"version": "6.0.0",
					"resolved": "https://registry.npmjs.org/sift/-/sift-6.0.0.tgz",
					"integrity": "sha1-+Tp3jly/BaUCTrw5HmsyURptH4I=",
					"dev": true
				},
				"uberproto": {
					"version": "2.0.4",
					"resolved": "https://registry.npmjs.org/uberproto/-/uberproto-2.0.4.tgz",
					"integrity": "sha512-c/5xjTcztW9XVhrkCycHQRBIAxww5JpDKk/q0zc2tVdQn6ZQvnChWgLvQaWAT1Al5JvRyvloUI15ad41m6dYwg==",
					"dev": true
				}
			}
		},
		"finalhandler": {
			"version": "1.1.1",
			"resolved": "https://registry.npmjs.org/finalhandler/-/finalhandler-1.1.1.tgz",
			"integrity": "sha512-Y1GUDo39ez4aHAw7MysnUD5JzYX+WaIj8I57kO3aEPT1fFRL4sr7mjei97FgnwhAyyzRYmQZaTHb2+9uZ1dPtg==",
			"requires": {
				"debug": "2.6.9",
				"encodeurl": "~1.0.2",
				"escape-html": "~1.0.3",
				"on-finished": "~2.3.0",
				"parseurl": "~1.3.2",
				"statuses": "~1.4.0",
				"unpipe": "~1.0.0"
			},
			"dependencies": {
				"debug": {
					"version": "2.6.9",
					"resolved": "https://registry.npmjs.org/debug/-/debug-2.6.9.tgz",
					"integrity": "sha512-bC7ElrdJaJnPbAP+1EotYvqZsb3ecl5wi6Bfi6BJTUcNowp6cvspg0jXznRTKDjm/E7AdgFBVeAPVMNcKGsHMA==",
					"requires": {
						"ms": "2.0.0"
					}
				}
			}
		},
		"forwarded": {
			"version": "0.1.2",
			"resolved": "https://registry.npmjs.org/forwarded/-/forwarded-0.1.2.tgz",
			"integrity": "sha1-mMI9qxF1ZXuMBXPozszZGw/xjIQ="
		},
		"fresh": {
			"version": "0.5.2",
			"resolved": "https://registry.npmjs.org/fresh/-/fresh-0.5.2.tgz",
			"integrity": "sha1-PYyt2Q2XZWn6g1qx+OSyOhBWBac="
		},
		"get-func-name": {
			"version": "2.0.0",
			"resolved": "https://registry.npmjs.org/get-func-name/-/get-func-name-2.0.0.tgz",
			"integrity": "sha1-6td0q+5y4gQJQzoGY2YCPdaIekE=",
			"dev": true
		},
		"http-errors": {
			"version": "1.6.3",
			"resolved": "https://registry.npmjs.org/http-errors/-/http-errors-1.6.3.tgz",
			"integrity": "sha1-i1VoC7S+KDoLW/TqLjhYC+HZMg0=",
			"requires": {
				"depd": "~1.1.2",
				"inherits": "2.0.3",
				"setprototypeof": "1.1.0",
				"statuses": ">= 1.4.0 < 2"
			}
		},
		"iconv-lite": {
			"version": "0.4.19",
			"resolved": "https://registry.npmjs.org/iconv-lite/-/iconv-lite-0.4.19.tgz",
			"integrity": "sha512-oTZqweIP51xaGPI4uPa56/Pri/480R+mo7SeU+YETByQNhDG55ycFyNLIgta9vXhILrxXDmF7ZGhqZIcuN0gJQ=="
		},
		"inherits": {
			"version": "2.0.3",
			"resolved": "https://registry.npmjs.org/inherits/-/inherits-2.0.3.tgz",
			"integrity": "sha1-Yzwsg+PaQqUC9SRmAiSA9CCCYd4="
		},
		"ipaddr.js": {
			"version": "1.8.0",
			"resolved": "https://registry.npmjs.org/ipaddr.js/-/ipaddr.js-1.8.0.tgz",
			"integrity": "sha1-6qM9bd16zo9/b+DJygRA5wZzix4="
		},
		"jsonwebtoken": {
			"version": "8.3.0",
			"resolved": "https://registry.npmjs.org/jsonwebtoken/-/jsonwebtoken-8.3.0.tgz",
			"integrity": "sha512-oge/hvlmeJCH+iIz1DwcO7vKPkNGJHhgkspk8OH3VKlw+mbi42WtD4ig1+VXRln765vxptAv+xT26Fd3cteqag==",
			"dev": true,
			"requires": {
				"jws": "^3.1.5",
				"lodash.includes": "^4.3.0",
				"lodash.isboolean": "^3.0.3",
				"lodash.isinteger": "^4.0.4",
				"lodash.isnumber": "^3.0.3",
				"lodash.isplainobject": "^4.0.6",
				"lodash.isstring": "^4.0.1",
				"lodash.once": "^4.0.0",
				"ms": "^2.1.1"
			},
			"dependencies": {
				"ms": {
					"version": "2.1.1",
					"resolved": "https://registry.npmjs.org/ms/-/ms-2.1.1.tgz",
					"integrity": "sha512-tgp+dl5cGk28utYktBsrFqA7HKgrhgPsg6Z/EfhWI4gl1Hwq8B/GmY/0oXZ6nF8hDVesS/FpnYaD/kOWhYQvyg==",
					"dev": true
				}
			}
		},
		"jwa": {
			"version": "1.1.6",
			"resolved": "https://registry.npmjs.org/jwa/-/jwa-1.1.6.tgz",
			"integrity": "sha512-tBO/cf++BUsJkYql/kBbJroKOgHWEigTKBAjjBEmrMGYd1QMBC74Hr4Wo2zCZw6ZrVhlJPvoMrkcOnlWR/DJfw==",
			"dev": true,
			"requires": {
				"buffer-equal-constant-time": "1.0.1",
				"ecdsa-sig-formatter": "1.0.10",
				"safe-buffer": "^5.0.1"
			}
		},
		"jws": {
			"version": "3.1.5",
			"resolved": "https://registry.npmjs.org/jws/-/jws-3.1.5.tgz",
			"integrity": "sha512-GsCSexFADNQUr8T5HPJvayTjvPIfoyJPtLQBwn5a4WZQchcrPMPMAWcC1AzJVRDKyD6ZPROPAxgv6rfHViO4uQ==",
			"dev": true,
			"requires": {
				"jwa": "^1.1.5",
				"safe-buffer": "^5.0.1"
			}
		},
		"lodash": {
			"version": "4.17.10",
			"resolved": "https://registry.npmjs.org/lodash/-/lodash-4.17.10.tgz",
			"integrity": "sha512-UejweD1pDoXu+AD825lWwp4ZGtSwgnpZxb3JDViD7StjQz+Nb/6l093lx4OQ0foGWNRoc19mWy7BzL+UAK2iVg==",
			"dev": true
		},
		"lodash.clone": {
			"version": "4.5.0",
			"resolved": "https://registry.npmjs.org/lodash.clone/-/lodash.clone-4.5.0.tgz",
			"integrity": "sha1-GVhwRQ9aExkkeN9Lw9I9LeoZB7Y=",
			"dev": true
		},
		"lodash.includes": {
			"version": "4.3.0",
			"resolved": "https://registry.npmjs.org/lodash.includes/-/lodash.includes-4.3.0.tgz",
			"integrity": "sha1-YLuYqHy5I8aMoeUTJUgzFISfVT8=",
			"dev": true
		},
		"lodash.isboolean": {
			"version": "3.0.3",
			"resolved": "https://registry.npmjs.org/lodash.isboolean/-/lodash.isboolean-3.0.3.tgz",
			"integrity": "sha1-bC4XHbKiV82WgC/UOwGyDV9YcPY=",
			"dev": true
		},
		"lodash.isinteger": {
			"version": "4.0.4",
			"resolved": "https://registry.npmjs.org/lodash.isinteger/-/lodash.isinteger-4.0.4.tgz",
			"integrity": "sha1-YZwK89A/iwTDH1iChAt3sRzWg0M=",
			"dev": true
		},
		"lodash.isnumber": {
			"version": "3.0.3",
			"resolved": "https://registry.npmjs.org/lodash.isnumber/-/lodash.isnumber-3.0.3.tgz",
			"integrity": "sha1-POdoEMWSjQM1IwGsKHMX8RwLH/w=",
			"dev": true
		},
		"lodash.isplainobject": {
			"version": "4.0.6",
			"resolved": "https://registry.npmjs.org/lodash.isplainobject/-/lodash.isplainobject-4.0.6.tgz",
			"integrity": "sha1-fFJqUtibRcRcxpC4gWO+BJf1UMs=",
			"dev": true
		},
		"lodash.isstring": {
			"version": "4.0.1",
			"resolved": "https://registry.npmjs.org/lodash.isstring/-/lodash.isstring-4.0.1.tgz",
			"integrity": "sha1-1SfftUVuynzJu5XV2ur4i6VKVFE=",
			"dev": true
		},
		"lodash.merge": {
			"version": "4.6.1",
			"resolved": "https://registry.npmjs.org/lodash.merge/-/lodash.merge-4.6.1.tgz",
			"integrity": "sha512-AOYza4+Hf5z1/0Hztxpm2/xiPZgi/cjMqdnKTUWTBSKchJlxXXuUSxCCl8rJlf4g6yww/j6mA8nC8Hw/EZWxKQ=="
		},
		"lodash.omit": {
			"version": "4.5.0",
			"resolved": "https://registry.npmjs.org/lodash.omit/-/lodash.omit-4.5.0.tgz",
			"integrity": "sha1-brGa5aHuHdnfC5aeZs4Lf6MLXmA=",
			"dev": true
		},
		"lodash.once": {
			"version": "4.1.1",
			"resolved": "https://registry.npmjs.org/lodash.once/-/lodash.once-4.1.1.tgz",
			"integrity": "sha1-DdOXEhPHxW34gJd9UEyI+0cal6w=",
			"dev": true
		},
		"lodash.pick": {
			"version": "4.4.0",
			"resolved": "https://registry.npmjs.org/lodash.pick/-/lodash.pick-4.4.0.tgz",
			"integrity": "sha1-UvBWEP/53tQiYRRB7R/BI6AwAbM=",
			"dev": true
		},
		"long-timeout": {
			"version": "0.1.1",
			"resolved": "https://registry.npmjs.org/long-timeout/-/long-timeout-0.1.1.tgz",
			"integrity": "sha1-lyHXiLR+C8taJMLivuGg2lXatRQ=",
			"dev": true
		},
		"media-typer": {
			"version": "0.3.0",
			"resolved": "https://registry.npmjs.org/media-typer/-/media-typer-0.3.0.tgz",
			"integrity": "sha1-hxDXrwqmJvj/+hzgAWhUUmMlV0g="
		},
		"merge-descriptors": {
			"version": "1.0.1",
			"resolved": "https://registry.npmjs.org/merge-descriptors/-/merge-descriptors-1.0.1.tgz",
			"integrity": "sha1-sAqqVW3YtEVoFQ7J0blT8/kMu2E="
		},
		"methods": {
			"version": "1.1.2",
			"resolved": "https://registry.npmjs.org/methods/-/methods-1.1.2.tgz",
			"integrity": "sha1-VSmk1nZUE07cxSZmVoNbD4Ua/O4="
		},
		"mime": {
			"version": "1.4.1",
			"resolved": "https://registry.npmjs.org/mime/-/mime-1.4.1.tgz",
			"integrity": "sha512-KI1+qOZu5DcW6wayYHSzR/tXKCDC5Om4s1z2QJjDULzLcmf3DvzS7oluY4HCTrc+9FiKmWUgeNLg7W3uIQvxtQ=="
		},
		"mime-db": {
			"version": "1.36.0",
			"resolved": "https://registry.npmjs.org/mime-db/-/mime-db-1.36.0.tgz",
			"integrity": "sha512-L+xvyD9MkoYMXb1jAmzI/lWYAxAMCPvIBSWur0PZ5nOf5euahRLVqH//FKW9mWp2lkqUgYiXPgkzfMUFi4zVDw=="
		},
		"mime-types": {
			"version": "2.1.20",
			"resolved": "https://registry.npmjs.org/mime-types/-/mime-types-2.1.20.tgz",
			"integrity": "sha512-HrkrPaP9vGuWbLK1B1FfgAkbqNjIuy4eHlIYnFi7kamZyLLrGlo2mpcx0bBmNpKqBtYtAfGbodDddIgddSJC2A==",
			"requires": {
				"mime-db": "~1.36.0"
			}
		},
		"ms": {
			"version": "2.0.0",
			"resolved": "https://registry.npmjs.org/ms/-/ms-2.0.0.tgz",
			"integrity": "sha1-VgiurfwAvmwpAd9fmGF4jeDVl8g="
		},
		"negotiator": {
			"version": "0.6.1",
			"resolved": "https://registry.npmjs.org/negotiator/-/negotiator-0.6.1.tgz",
			"integrity": "sha1-KzJxhOiZIQEXeyhWP7XnECrNDKk="
		},
		"oauth": {
			"version": "0.9.15",
			"resolved": "https://registry.npmjs.org/oauth/-/oauth-0.9.15.tgz",
			"integrity": "sha1-vR/vr2hslrdUda7VGWQS/2DPucE=",
			"dev": true
		},
		"on-finished": {
			"version": "2.3.0",
			"resolved": "https://registry.npmjs.org/on-finished/-/on-finished-2.3.0.tgz",
			"integrity": "sha1-IPEzZIGwg811M3mSoWlxqi2QaUc=",
			"requires": {
				"ee-first": "1.1.1"
			}
		},
		"parseurl": {
			"version": "1.3.2",
			"resolved": "https://registry.npmjs.org/parseurl/-/parseurl-1.3.2.tgz",
			"integrity": "sha1-/CidTtiZMRlGDBViUyYs3I3mW/M="
		},
		"passport": {
			"version": "0.4.0",
			"resolved": "https://registry.npmjs.org/passport/-/passport-0.4.0.tgz",
			"integrity": "sha1-xQlWkTR71a07XhgCOMORTRbwWBE=",
			"dev": true,
			"requires": {
				"passport-strategy": "1.x.x",
				"pause": "0.0.1"
			}
		},
		"passport-github": {
			"version": "1.1.0",
			"resolved": "https://registry.npmjs.org/passport-github/-/passport-github-1.1.0.tgz",
			"integrity": "sha1-jOHj/NYa11eOsd9ZWDnkrqEjVdQ=",
			"dev": true,
			"requires": {
				"passport-oauth2": "1.x.x"
			}
		},
		"passport-oauth2": {
			"version": "1.4.0",
			"resolved": "https://registry.npmjs.org/passport-oauth2/-/passport-oauth2-1.4.0.tgz",
			"integrity": "sha1-9i+BWDy+EmCb585vFguTlaJ7hq0=",
			"dev": true,
			"requires": {
				"oauth": "0.9.x",
				"passport-strategy": "1.x.x",
				"uid2": "0.0.x",
				"utils-merge": "1.x.x"
			}
		},
		"passport-strategy": {
			"version": "1.0.0",
			"resolved": "https://registry.npmjs.org/passport-strategy/-/passport-strategy-1.0.0.tgz",
			"integrity": "sha1-tVOaqPwiWj0a0XlHbd8ja0QPUuQ=",
			"dev": true
		},
		"path-to-regexp": {
			"version": "0.1.7",
			"resolved": "https://registry.npmjs.org/path-to-regexp/-/path-to-regexp-0.1.7.tgz",
			"integrity": "sha1-32BBeABfUi8V60SQ5yR6G/qmf4w="
		},
		"pathval": {
			"version": "1.1.0",
			"resolved": "https://registry.npmjs.org/pathval/-/pathval-1.1.0.tgz",
			"integrity": "sha1-uULm1L3mUwBe9rcTYd74cn0GReA=",
			"dev": true
		},
		"pause": {
			"version": "0.0.1",
			"resolved": "https://registry.npmjs.org/pause/-/pause-0.0.1.tgz",
			"integrity": "sha1-HUCLP9t2kjuVQ9lvtMnf1TXZy10=",
			"dev": true
		},
		"proxy-addr": {
			"version": "2.0.4",
			"resolved": "https://registry.npmjs.org/proxy-addr/-/proxy-addr-2.0.4.tgz",
			"integrity": "sha512-5erio2h9jp5CHGwcybmxmVqHmnCBZeewlfJ0pex+UW7Qny7OOZXTtH56TGNyBizkgiOwhJtMKrVzDTeKcySZwA==",
			"requires": {
				"forwarded": "~0.1.2",
				"ipaddr.js": "1.8.0"
			}
		},
		"qs": {
			"version": "6.5.1",
			"resolved": "https://registry.npmjs.org/qs/-/qs-6.5.1.tgz",
			"integrity": "sha512-eRzhrN1WSINYCDCbrz796z37LOe3m5tmW7RQf6oBntukAG1nmovJvhnwHHRMAfeoItc1m2Hk02WER2aQ/iqs+A=="
		},
		"range-parser": {
			"version": "1.2.0",
			"resolved": "https://registry.npmjs.org/range-parser/-/range-parser-1.2.0.tgz",
			"integrity": "sha1-9JvmtIeJTdxA3MlKMi9hEJLgDV4="
		},
		"raw-body": {
			"version": "2.3.2",
			"resolved": "https://registry.npmjs.org/raw-body/-/raw-body-2.3.2.tgz",
			"integrity": "sha1-vNYMd9Prk83gBQKVw/N5OJvIj4k=",
			"requires": {
				"bytes": "3.0.0",
				"http-errors": "1.6.2",
				"iconv-lite": "0.4.19",
				"unpipe": "1.0.0"
			},
			"dependencies": {
				"depd": {
					"version": "1.1.1",
					"resolved": "https://registry.npmjs.org/depd/-/depd-1.1.1.tgz",
					"integrity": "sha1-V4O04cRZ8G+lyif5kfPQbnoxA1k="
				},
				"http-errors": {
					"version": "1.6.2",
					"resolved": "https://registry.npmjs.org/http-errors/-/http-errors-1.6.2.tgz",
					"integrity": "sha1-CgAsyFcHGSp+eUbO7cERVfYOxzY=",
					"requires": {
						"depd": "1.1.1",
						"inherits": "2.0.3",
						"setprototypeof": "1.0.3",
						"statuses": ">= 1.3.1 < 2"
					}
				},
				"setprototypeof": {
					"version": "1.0.3",
					"resolved": "https://registry.npmjs.org/setprototypeof/-/setprototypeof-1.0.3.tgz",
					"integrity": "sha1-ZlZ+NwQ+608E2RvWWMDL77VbjgQ="
				}
			}
		},
		"safe-buffer": {
			"version": "5.1.1",
			"resolved": "https://registry.npmjs.org/safe-buffer/-/safe-buffer-5.1.1.tgz",
			"integrity": "sha512-kKvNJn6Mm93gAczWVJg7wH+wGYWNrDHdWvpUmHyEsgCtIwwo3bqPtV4tR5tuPaUhTOo/kvhVwd8XwwOllGYkbg=="
		},
		"send": {
			"version": "0.16.2",
			"resolved": "https://registry.npmjs.org/send/-/send-0.16.2.tgz",
			"integrity": "sha512-E64YFPUssFHEFBvpbbjr44NCLtI1AohxQ8ZSiJjQLskAdKuriYEP6VyGEsRDH8ScozGpkaX1BGvhanqCwkcEZw==",
			"requires": {
				"debug": "2.6.9",
				"depd": "~1.1.2",
				"destroy": "~1.0.4",
				"encodeurl": "~1.0.2",
				"escape-html": "~1.0.3",
				"etag": "~1.8.1",
				"fresh": "0.5.2",
				"http-errors": "~1.6.2",
				"mime": "1.4.1",
				"ms": "2.0.0",
				"on-finished": "~2.3.0",
				"range-parser": "~1.2.0",
				"statuses": "~1.4.0"
			},
			"dependencies": {
				"debug": {
					"version": "2.6.9",
					"resolved": "https://registry.npmjs.org/debug/-/debug-2.6.9.tgz",
					"integrity": "sha512-bC7ElrdJaJnPbAP+1EotYvqZsb3ecl5wi6Bfi6BJTUcNowp6cvspg0jXznRTKDjm/E7AdgFBVeAPVMNcKGsHMA==",
					"requires": {
						"ms": "2.0.0"
					}
				}
			}
		},
		"serve-static": {
			"version": "1.13.2",
			"resolved": "https://registry.npmjs.org/serve-static/-/serve-static-1.13.2.tgz",
			"integrity": "sha512-p/tdJrO4U387R9oMjb1oj7qSMaMfmOyd4j9hOFoxZe2baQszgHcSWjuya/CiT5kgZZKRudHNOA0pYXOl8rQ5nw==",
			"requires": {
				"encodeurl": "~1.0.2",
				"escape-html": "~1.0.3",
				"parseurl": "~1.3.2",
				"send": "0.16.2"
			}
		},
		"setprototypeof": {
			"version": "1.1.0",
			"resolved": "https://registry.npmjs.org/setprototypeof/-/setprototypeof-1.1.0.tgz",
			"integrity": "sha512-BvE/TwpZX4FXExxOxZyRGQQv651MSwmWKZGqvmPcRIjDqWub67kTKuIMx43cZZrS/cBBzwBcNDWoFxt2XEFIpQ=="
		},
		"sinon": {
			"version": "6.1.5",
			"resolved": "https://registry.npmjs.org/sinon/-/sinon-6.1.5.tgz",
			"integrity": "sha512-TcbRoWs1SdY6NOqfj0c9OEQquBoZH+qEf8799m1jjcbfWrrpyCQ3B/BpX7+NKa7Vn33Jl+Z50H4Oys3bzygK2Q==",
			"dev": true,
			"requires": {
				"@sinonjs/commons": "^1.0.1",
				"@sinonjs/formatio": "^2.0.0",
				"@sinonjs/samsam": "^2.0.0",
				"diff": "^3.5.0",
				"lodash.get": "^4.4.2",
				"lolex": "^2.7.1",
				"nise": "^1.4.2",
				"supports-color": "^5.4.0",
				"type-detect": "^4.0.8"
			},
			"dependencies": {
				"@sinonjs/commons": {
					"version": "1.0.2",
					"resolved": "https://registry.npmjs.org/@sinonjs/commons/-/commons-1.0.2.tgz",
					"integrity": "sha512-WR3dlgqJP4QNrLC4iXN/5/2WaLQQ0VijOOkmflqFGVJ6wLEpbSjo7c0ZeGIdtY8Crk7xBBp87sM6+Mkerz7alw==",
					"dev": true,
					"requires": {
						"type-detect": "4.0.8"
					}
				},
				"@sinonjs/formatio": {
					"version": "2.0.0",
					"resolved": "https://registry.npmjs.org/@sinonjs/formatio/-/formatio-2.0.0.tgz",
					"integrity": "sha512-ls6CAMA6/5gG+O/IdsBcblvnd8qcO/l1TYoNeAzp3wcISOxlPXQEus0mLcdwazEkWjaBdaJ3TaxmNgCLWwvWzg==",
					"dev": true,
					"requires": {
						"samsam": "1.3.0"
					}
				},
				"@sinonjs/samsam": {
					"version": "2.0.0",
					"resolved": "https://registry.npmjs.org/@sinonjs/samsam/-/samsam-2.0.0.tgz",
					"integrity": "sha512-D7VxhADdZbDJ0HjUTMnSQ5xIGb4H2yWpg8k9Sf1T08zfFiQYlaxM8LZydpR4FQ2E6LZJX8IlabNZ5io4vdChwg==",
					"dev": true
				},
				"diff": {
					"version": "3.5.0",
					"resolved": "https://registry.npmjs.org/diff/-/diff-3.5.0.tgz",
					"integrity": "sha512-A46qtFgd+g7pDZinpnwiRJtxbC1hpgf0uzP3iG89scHk0AUC7A1TGxf5OiiOUv/JMZR8GOt8hL900hV0bOy5xA==",
					"dev": true
				},
				"has-flag": {
					"version": "3.0.0",
					"resolved": "https://registry.npmjs.org/has-flag/-/has-flag-3.0.0.tgz",
					"integrity": "sha1-tdRU3CGZriJWmfNGfloH87lVuv0=",
					"dev": true
				},
				"isarray": {
					"version": "0.0.1",
					"resolved": "https://registry.npmjs.org/isarray/-/isarray-0.0.1.tgz",
					"integrity": "sha1-ihis/Kmo9Bd+Cav8YDiTmwXR7t8=",
					"dev": true
				},
				"just-extend": {
					"version": "3.0.0",
					"resolved": "https://registry.npmjs.org/just-extend/-/just-extend-3.0.0.tgz",
					"integrity": "sha512-Fu3T6pKBuxjWT/p4DkqGHFRsysc8OauWr4ZRTY9dIx07Y9O0RkoR5jcv28aeD1vuAwhm3nLkDurwLXoALp4DpQ==",
					"dev": true
				},
				"lodash.get": {
					"version": "4.4.2",
					"resolved": "https://registry.npmjs.org/lodash.get/-/lodash.get-4.4.2.tgz",
					"integrity": "sha1-LRd/ZS+jHpObRDjVNBSZ36OCXpk=",
					"dev": true
				},
				"lolex": {
					"version": "2.7.1",
					"resolved": "https://registry.npmjs.org/lolex/-/lolex-2.7.1.tgz",
					"integrity": "sha512-Oo2Si3RMKV3+lV5MsSWplDQFoTClz/24S0MMHYcgGWWmFXr6TMlqcqk/l1GtH+d5wLBwNRiqGnwDRMirtFalJw==",
					"dev": true
				},
				"nise": {
					"version": "1.4.4",
					"resolved": "https://registry.npmjs.org/nise/-/nise-1.4.4.tgz",
					"integrity": "sha512-pxE0c9PzgrUTyhfv5p+5eMIdfU2bLEsq8VQEuE0kxM4zP7SujSar7rk9wpI2F7RyyCEvLyj5O7Is3RER5F36Fg==",
					"dev": true,
					"requires": {
						"@sinonjs/formatio": "^2.0.0",
						"just-extend": "^3.0.0",
						"lolex": "^2.3.2",
						"path-to-regexp": "^1.7.0",
						"text-encoding": "^0.6.4"
					}
				},
				"path-to-regexp": {
					"version": "1.7.0",
					"resolved": "https://registry.npmjs.org/path-to-regexp/-/path-to-regexp-1.7.0.tgz",
					"integrity": "sha1-Wf3g9DW62suhA6hOnTvGTpa5k30=",
					"dev": true,
					"requires": {
						"isarray": "0.0.1"
					}
				},
				"samsam": {
					"version": "1.3.0",
					"resolved": "https://registry.npmjs.org/samsam/-/samsam-1.3.0.tgz",
					"integrity": "sha512-1HwIYD/8UlOtFS3QO3w7ey+SdSDFE4HRNLZoZRYVQefrOY3l17epswImeB1ijgJFQJodIaHcwkp3r/myBjFVbg==",
					"dev": true
				},
				"supports-color": {
					"version": "5.5.0",
					"resolved": "https://registry.npmjs.org/supports-color/-/supports-color-5.5.0.tgz",
					"integrity": "sha512-QjVjwdXIt408MIiAqCX4oUKsgU2EqAGzs2Ppkm4aQYbjm+ZEWEcW4SfFNTr4uMNZma0ey4f5lgLrkB0aX0QMow==",
					"dev": true,
					"requires": {
						"has-flag": "^3.0.0"
					}
				},
				"text-encoding": {
					"version": "0.6.4",
					"resolved": "https://registry.npmjs.org/text-encoding/-/text-encoding-0.6.4.tgz",
					"integrity": "sha1-45mpgiV6J22uQou5KEXLcb3CbRk=",
					"dev": true
				},
				"type-detect": {
					"version": "4.0.8",
					"resolved": "https://registry.npmjs.org/type-detect/-/type-detect-4.0.8.tgz",
					"integrity": "sha512-0fr/mIH1dlO+x7TlcMy+bIDqKPsw/70tVyeHW787goQjhmqaZe10uwLujubK9q9Lg6Fiho1KUKDYz0Z7k7g5/g==",
					"dev": true
				}
			}
		},
		"sinon-chai": {
			"version": "3.2.0",
			"resolved": "https://registry.npmjs.org/sinon-chai/-/sinon-chai-3.2.0.tgz",
			"integrity": "sha512-Z72B4a0l0IQe5uWi9yzcqX/Ml6K9e1Hp03NmkjJnRG3gDsKTX7KvLFZsVUmCaz0eqeXLLK089mwTsP1P1W+DUQ==",
			"dev": true
		},
		"statuses": {
			"version": "1.4.0",
			"resolved": "https://registry.npmjs.org/statuses/-/statuses-1.4.0.tgz",
			"integrity": "sha512-zhSCtt8v2NDrRlPQpCNtw/heZLtfUDqxBM1udqikb/Hbk52LK4nQSwr10u77iopCW5LsyHpuXS0GnEc48mLeew=="
		},
		"type-detect": {
			"version": "4.0.8",
			"resolved": "https://registry.npmjs.org/type-detect/-/type-detect-4.0.8.tgz",
			"integrity": "sha512-0fr/mIH1dlO+x7TlcMy+bIDqKPsw/70tVyeHW787goQjhmqaZe10uwLujubK9q9Lg6Fiho1KUKDYz0Z7k7g5/g==",
			"dev": true
		},
		"type-is": {
			"version": "1.6.16",
			"resolved": "https://registry.npmjs.org/type-is/-/type-is-1.6.16.tgz",
			"integrity": "sha512-HRkVv/5qY2G6I8iab9cI7v1bOIdhm94dVjQCPFElW9W+3GeDOSHmy2EBYe4VTApuzolPcmgFTN3ftVJRKR2J9Q==",
			"requires": {
				"media-typer": "0.3.0",
				"mime-types": "~2.1.18"
			}
		},
		"uberproto": {
			"version": "2.0.4",
			"resolved": "https://registry.npmjs.org/uberproto/-/uberproto-2.0.4.tgz",
			"integrity": "sha512-c/5xjTcztW9XVhrkCycHQRBIAxww5JpDKk/q0zc2tVdQn6ZQvnChWgLvQaWAT1Al5JvRyvloUI15ad41m6dYwg=="
		},
		"uid2": {
			"version": "0.0.3",
			"resolved": "https://registry.npmjs.org/uid2/-/uid2-0.0.3.tgz",
			"integrity": "sha1-SDEm4Rd03y9xuLY53NeZw3YWK4I=",
			"dev": true
		},
		"unpipe": {
			"version": "1.0.0",
			"resolved": "https://registry.npmjs.org/unpipe/-/unpipe-1.0.0.tgz",
			"integrity": "sha1-sr9O6FFKrmFltIF4KdIbLvSZBOw="
		},
		"url-pattern": {
			"version": "1.0.3",
			"resolved": "https://registry.npmjs.org/url-pattern/-/url-pattern-1.0.3.tgz",
			"integrity": "sha1-BAkpJHGyTyPFDWWkeTF5PStaz8E=",
			"dev": true
		},
		"utils-merge": {
			"version": "1.0.1",
			"resolved": "https://registry.npmjs.org/utils-merge/-/utils-merge-1.0.1.tgz",
			"integrity": "sha1-n5VxD1CiZ5R7LMwSR0HBAoQn5xM="
		},
		"uuid": {
			"version": "3.3.2",
			"resolved": "https://registry.npmjs.org/uuid/-/uuid-3.3.2.tgz",
			"integrity": "sha512-yXJmeNaw3DnnKAOKJE51sL/ZaYfWJRl1pK9dr19YFCu0ObS231AB1/LbqTKRAQ5kw8A90rA6fr4riOUpTZvQZA==",
			"dev": true
		},
		"vary": {
			"version": "1.1.2",
			"resolved": "https://registry.npmjs.org/vary/-/vary-1.1.2.tgz",
			"integrity": "sha1-IpnwLG3tMNSllhsLn3RSShj2NPw="
		}
	}
}
