{
  "name": "@feathersjs/typebox",
  "version": "5.0.0-pre.29",
  "lockfileVersion": 2,
  "requires": true,
  "packages": {
    "": {
      "name": "@feathersjs/typebox",
      "version": "5.0.0-pre.29",
      "license": "MIT",
      "devDependencies": {
        "@types/mocha": "^9.1.1",
        "@types/node": "^18.7.18",
        "typescript": "^4.8.3"
      },
      "engines": {
        "node": ">= 12"
      },
      "funding": {
        "type": "github",
        "url": "https://github.com/sponsors/daffl"
      }
    },
    "../adapter-commons": {
      "name": "@feathersjs/adapter-commons",
      "version": "5.0.0-pre.29",
      "extraneous": true,
      "license": "MIT",
      "dependencies": {
        "@feathersjs/commons": "^5.0.0-pre.29",
        "@feathersjs/errors": "^5.0.0-pre.29",
        "@feathersjs/feathers": "^5.0.0-pre.29"
      },
      "devDependencies": {
        "@types/mocha": "^10.0.0",
        "@types/mongodb": "^4.0.6",
        "@types/node": "^18.8.2",
        "mocha": "^10.0.0",
        "mongodb": "^4.10.0",
        "shx": "^0.3.4",
        "ts-node": "^10.9.1",
        "typescript": "^4.8.4"
      },
      "engines": {
        "node": ">= 12"
      },
      "funding": {
        "type": "opencollective",
        "url": "https://opencollective.com/feathers"
      }
    },
    "../adapter-tests": {
      "name": "@feathersjs/adapter-tests",
      "version": "5.0.0-pre.29",
      "extraneous": true,
      "license": "MIT",
      "devDependencies": {
        "@types/mocha": "^10.0.0",
        "@types/node": "^18.8.2",
        "mocha": "^10.0.0",
        "shx": "^0.3.4",
        "ts-node": "^10.9.1",
        "typescript": "^4.8.4"
      },
      "engines": {
        "node": ">= 12"
      },
      "funding": {
        "type": "opencollective",
        "url": "https://opencollective.com/feathers"
      }
    },
    "../commons": {
      "name": "@feathersjs/commons",
      "version": "5.0.0-pre.29",
      "extraneous": true,
      "license": "MIT",
      "devDependencies": {
        "@types/mocha": "^10.0.0",
        "@types/node": "^18.8.2",
        "mocha": "^10.0.0",
        "shx": "^0.3.4",
        "ts-node": "^10.9.1",
        "typescript": "^4.8.4"
      },
      "engines": {
        "node": ">= 12"
      },
      "funding": {
        "type": "github",
        "url": "https://github.com/sponsors/daffl"
      }
    },
    "../errors": {
      "name": "@feathersjs/errors",
      "version": "5.0.0-pre.29",
      "extraneous": true,
      "license": "MIT",
      "devDependencies": {
        "@feathersjs/feathers": "^5.0.0-pre.29",
        "@types/mocha": "^10.0.0",
        "@types/node": "^18.8.2",
        "mocha": "^10.0.0",
        "shx": "^0.3.4",
        "ts-node": "^10.9.1",
        "typescript": "^4.8.4"
      },
      "engines": {
        "node": ">= 12"
      }
    },
    "../feathers": {
      "name": "@feathersjs/feathers",
      "version": "5.0.0-pre.29",
      "extraneous": true,
      "license": "MIT",
      "dependencies": {
        "@feathersjs/commons": "^5.0.0-pre.29",
        "@feathersjs/hooks": "^0.7.5",
        "events": "^3.3.0"
      },
      "devDependencies": {
        "@types/mocha": "^10.0.0",
        "@types/node": "^18.8.2",
        "mocha": "^10.0.0",
        "shx": "^0.3.4",
        "ts-node": "^10.9.1",
        "typescript": "^4.8.4"
      },
      "engines": {
        "node": ">= 12"
      },
      "funding": {
        "type": "github",
        "url": "https://github.com/sponsors/daffl"
      }
    },
    "../memory": {
      "name": "@feathersjs/memory",
      "version": "5.0.0-pre.29",
      "extraneous": true,
      "license": "MIT",
      "dependencies": {
        "@feathersjs/adapter-commons": "^5.0.0-pre.29",
        "@feathersjs/commons": "^5.0.0-pre.29",
        "@feathersjs/errors": "^5.0.0-pre.29",
        "sift": "^16.0.0"
      },
      "devDependencies": {
        "@feathersjs/adapter-tests": "^5.0.0-pre.29",
        "@feathersjs/feathers": "^5.0.0-pre.29",
        "@types/mocha": "^10.0.0",
        "@types/node": "^18.8.2",
        "mocha": "^10.0.0",
        "shx": "^0.3.4",
        "ts-node": "^10.9.1",
        "typescript": "^4.8.4"
      },
      "engines": {
        "node": ">= 12"
      }
    },
    "../schema": {
      "name": "@feathersjs/schema",
      "version": "5.0.0-pre.29",
      "extraneous": true,
      "license": "MIT",
      "dependencies": {
        "@feathersjs/commons": "^5.0.0-pre.29",
        "@feathersjs/errors": "^5.0.0-pre.29",
        "@feathersjs/feathers": "^5.0.0-pre.29",
        "@feathersjs/hooks": "^0.7.5",
        "@types/json-schema": "^7.0.11",
        "ajv": "^8.11.0",
        "ajv-formats": "^2.1.1",
        "json-schema": "^0.4.0",
        "json-schema-to-ts": "^2.5.5"
      },
      "devDependencies": {
        "@feathersjs/memory": "^5.0.0-pre.29",
        "@types/mocha": "^10.0.0",
        "@types/node": "^18.8.2",
        "ajv-formats": "^2.1.1",
        "mocha": "^10.0.0",
        "shx": "^0.3.4",
        "typescript": "^4.8.4"
      },
      "engines": {
        "node": ">= 12"
      },
      "funding": {
        "type": "github",
        "url": "https://github.com/sponsors/daffl"
      }
    },
    "node_modules/@types/mocha": {
      "version": "9.1.1",
      "resolved": "https://registry.npmjs.org/@types/mocha/-/mocha-9.1.1.tgz",
      "integrity": "sha512-Z61JK7DKDtdKTWwLeElSEBcWGRLY8g95ic5FoQqI9CMx0ns/Ghep3B4DfcEimiKMvtamNVULVNKEsiwV3aQmXw==",
      "dev": true
    },
    "node_modules/@types/node": {
      "version": "18.8.2",
      "resolved": "https://registry.npmjs.org/@types/node/-/node-18.8.2.tgz",
      "integrity": "sha512-cRMwIgdDN43GO4xMWAfJAecYn8wV4JbsOGHNfNUIDiuYkUYAR5ec4Rj7IO2SAhFPEfpPtLtUTbbny/TCT7aDwA==",
      "dev": true
    },
    "node_modules/typescript": {
      "version": "4.8.4",
      "resolved": "https://registry.npmjs.org/typescript/-/typescript-4.8.4.tgz",
      "integrity": "sha512-QCh+85mCy+h0IGff8r5XWzOVSbBO+KfeYrMQh7NJ58QujwcE22u+NUSmUxqF+un70P9GXKxa2HCNiTTMJknyjQ==",
      "dev": true,
      "bin": {
        "tsc": "bin/tsc",
        "tsserver": "bin/tsserver"
      },
      "engines": {
        "node": ">=4.2.0"
      }
    }
  },
  "dependencies": {
    "@types/mocha": {
      "version": "9.1.1",
      "resolved": "https://registry.npmjs.org/@types/mocha/-/mocha-9.1.1.tgz",
      "integrity": "sha512-Z61JK7DKDtdKTWwLeElSEBcWGRLY8g95ic5FoQqI9CMx0ns/Ghep3B4DfcEimiKMvtamNVULVNKEsiwV3aQmXw==",
      "dev": true
    },
    "@types/node": {
      "version": "18.8.2",
      "resolved": "https://registry.npmjs.org/@types/node/-/node-18.8.2.tgz",
      "integrity": "sha512-cRMwIgdDN43GO4xMWAfJAecYn8wV4JbsOGHNfNUIDiuYkUYAR5ec4Rj7IO2SAhFPEfpPtLtUTbbny/TCT7aDwA==",
      "dev": true
    },
    "typescript": {
      "version": "4.8.4",
      "resolved": "https://registry.npmjs.org/typescript/-/typescript-4.8.4.tgz",
      "integrity": "sha512-QCh+85mCy+h0IGff8r5XWzOVSbBO+KfeYrMQh7NJ58QujwcE22u+NUSmUxqF+un70P9GXKxa2HCNiTTMJknyjQ==",
      "dev": true
    }
  }
}
