{
	"name": "@feathersjs/socketio-client",
	"version": "1.1.4",
	"lockfileVersion": 1,
	"requires": true,
	"dependencies": {
		"@feathersjs/commons": {
			"version": "3.0.1",
			"resolved": "https://registry.npmjs.org/@feathersjs/commons/-/commons-3.0.1.tgz",
			"integrity": "sha512-wo2boFwbKqm53h/Wv2F+ggiTxSFOPaCupa6VHujJle/RZrox5On6zbaoO0B1yFZbj1tCJ6kT2IDpFg9StHL0oA=="
		},
		"@feathersjs/errors": {
			"version": "3.3.4",
			"resolved": "https://registry.npmjs.org/@feathersjs/errors/-/errors-3.3.4.tgz",
			"integrity": "sha512-yA/HXSWgLiK4ngFslCHxcvnt+gek4fUhJcwpix9Z1jpTnCWW5WqtNxUfUqE1Fj8wKq0Y6VPSaQtE+RZcgryDQQ==",
			"requires": {
				"debug": "^4.0.0"
			}
		},
		"@feathersjs/feathers": {
			"version": "3.2.3",
			"resolved": "https://registry.npmjs.org/@feathersjs/feathers/-/feathers-3.2.3.tgz",
			"integrity": "sha512-T51XlcE+HkAG7nfFMoqRU+bLxPhIYGygAiWQ0Fmc5vOsYtCZlj1AGjJWVL8iX7k2HQgFI2mdinWPoFb2rui03A==",
			"dev": true,
			"requires": {
				"@feathersjs/commons": "^3.0.1",
				"debug": "^4.0.0",
				"events": "^3.0.0",
				"uberproto": "^2.0.2"
			}
		},
		"@feathersjs/socketio": {
			"version": "3.2.6",
			"resolved": "https://registry.npmjs.org/@feathersjs/socketio/-/socketio-3.2.6.tgz",
			"integrity": "sha512-WDFkc1He9JxsDhxYmZ1eYWYwiwYqTtsZVAYS0fMlpan9wvOAvOzsl/t3czoT3qkWE3pClH5aaGectLLSae6fAg==",
			"dev": true,
			"requires": {
				"@feathersjs/transport-commons": "^4.1.5",
				"debug": "^4.0.0",
				"socket.io": "^2.1.0",
				"uberproto": "^2.0.1"
			}
		},
		"@feathersjs/transport-commons": {
			"version": "4.1.5",
			"resolved": "https://registry.npmjs.org/@feathersjs/transport-commons/-/transport-commons-4.1.5.tgz",
			"integrity": "sha512-eUF+EHX26tIrXFcVyVxtflz3Cdlt4OyYgSNWdCojeRA15vwx1evlzTztzMIPzJ5+fP5t8QkikL/fScJk893BXA==",
			"requires": {
				"@feathersjs/commons": "^3.0.1",
				"@feathersjs/errors": "^3.3.4",
				"debug": "^4.0.0",
				"lodash": "^4.17.10",
				"radix-router": "^3.0.1"
			}
		},
		"accepts": {
			"version": "1.3.5",
			"resolved": "https://registry.npmjs.org/accepts/-/accepts-1.3.5.tgz",
			"integrity": "sha1-63d99gEXI6OxTopywIBcjoZ0a9I=",
			"dev": true,
			"requires": {
				"mime-types": "~2.1.18",
				"negotiator": "0.6.1"
			}
		},
		"after": {
			"version": "0.8.2",
			"resolved": "https://registry.npmjs.org/after/-/after-0.8.2.tgz",
			"integrity": "sha1-/ts5T58OAqqXaOcCvaI7UF+ufh8=",
			"dev": true
		},
		"arraybuffer.slice": {
			"version": "0.0.7",
			"resolved": "https://registry.npmjs.org/arraybuffer.slice/-/arraybuffer.slice-0.0.7.tgz",
			"integrity": "sha512-wGUIVQXuehL5TCqQun8OW81jGzAWycqzFF8lFp+GOM5BXLYj3bKNsYC4daB7n6XjCqxQA/qgTJ+8ANR3acjrog==",
			"dev": true
		},
		"assertion-error": {
			"version": "1.1.0",
			"resolved": "https://registry.npmjs.org/assertion-error/-/assertion-error-1.1.0.tgz",
			"integrity": "sha512-jgsaNduz+ndvGyFt3uSuWqvy4lCnIJiovtouQN5JZHOKCS2QuhEdbcQHFhVksz2N2U9hXJo8odG7ETyWlEeuDw==",
			"dev": true
		},
		"async-limiter": {
			"version": "1.0.0",
			"resolved": "https://registry.npmjs.org/async-limiter/-/async-limiter-1.0.0.tgz",
			"integrity": "sha512-jp/uFnooOiO+L211eZOoSyzpOITMXx1rBITauYykG3BRYPu8h0UcxsPNB04RR5vo4Tyz3+ay17tR6JVf9qzYWg==",
			"dev": true
		},
		"base64-arraybuffer": {
			"version": "0.1.5",
			"resolved": "https://registry.npmjs.org/base64-arraybuffer/-/base64-arraybuffer-0.1.5.tgz",
			"integrity": "sha1-c5JncZI7Whl0etZmqlzUv5xunOg=",
			"dev": true
		},
		"base64id": {
			"version": "1.0.0",
			"resolved": "https://registry.npmjs.org/base64id/-/base64id-1.0.0.tgz",
			"integrity": "sha1-R2iMuZu2gE8OBtPnY7HDLlfY5rY=",
			"dev": true
		},
		"blob": {
			"version": "0.0.4",
			"resolved": "https://registry.npmjs.org/blob/-/blob-0.0.4.tgz",
			"integrity": "sha1-vPEwUspURj8w+fx+lbmkdjCpSSE=",
			"dev": true
		},
		"chai": {
			"version": "4.1.2",
			"resolved": "https://registry.npmjs.org/chai/-/chai-4.1.2.tgz",
			"integrity": "sha1-D2RYS6ZC8PKs4oBiefTwbKI61zw=",
			"dev": true,
			"requires": {
				"assertion-error": "^1.0.1",
				"check-error": "^1.0.1",
				"deep-eql": "^3.0.0",
				"get-func-name": "^2.0.0",
				"pathval": "^1.0.0",
				"type-detect": "^4.0.0"
			}
		},
		"check-error": {
			"version": "1.0.2",
			"resolved": "https://registry.npmjs.org/check-error/-/check-error-1.0.2.tgz",
			"integrity": "sha1-V00xLt2Iu13YkS6Sht1sCu1KrII=",
			"dev": true
		},
		"component-emitter": {
			"version": "1.2.1",
			"resolved": "https://registry.npmjs.org/component-emitter/-/component-emitter-1.2.1.tgz",
			"integrity": "sha1-E3kY1teCg/ffemt8WmPhQOaUJeY=",
			"dev": true
		},
		"cookie": {
			"version": "0.3.1",
			"resolved": "https://registry.npmjs.org/cookie/-/cookie-0.3.1.tgz",
			"integrity": "sha1-5+Ch+e9DtMi6klxcWpboBtFoc7s=",
			"dev": true
		},
		"debug": {
			"version": "4.0.1",
			"resolved": "https://registry.npmjs.org/debug/-/debug-4.0.1.tgz",
			"integrity": "sha512-K23FHJ/Mt404FSlp6gSZCevIbTMLX0j3fmHhUEhQ3Wq0FMODW3+cUSoLdy1Gx4polAf4t/lphhmHH35BB8cLYw==",
			"requires": {
				"ms": "^2.1.1"
			}
		},
		"deep-eql": {
			"version": "3.0.1",
			"resolved": "https://registry.npmjs.org/deep-eql/-/deep-eql-3.0.1.tgz",
			"integrity": "sha512-+QeIQyN5ZuO+3Uk5DYh6/1eKO0m0YmJFGNmFHGACpf1ClL1nmlV/p4gNgbl2pJGxgXb4faqo6UE+M5ACEMyVcw==",
			"dev": true,
			"requires": {
				"type-detect": "^4.0.0"
			}
		},
		"engine.io": {
			"version": "3.2.0",
			"resolved": "https://registry.npmjs.org/engine.io/-/engine.io-3.2.0.tgz",
			"integrity": "sha512-mRbgmAtQ4GAlKwuPnnAvXXwdPhEx+jkc0OBCLrXuD/CRvwNK3AxRSnqK4FSqmAMRRHryVJP8TopOvmEaA64fKw==",
			"dev": true,
			"requires": {
				"accepts": "~1.3.4",
				"base64id": "1.0.0",
				"cookie": "0.3.1",
				"debug": "~3.1.0",
				"engine.io-parser": "~2.1.0",
				"ws": "~3.3.1"
			},
			"dependencies": {
				"debug": {
					"version": "3.1.0",
					"resolved": "https://registry.npmjs.org/debug/-/debug-3.1.0.tgz",
					"integrity": "sha512-OX8XqP7/1a9cqkxYw2yXss15f26NKWBpDXQd0/uK/KPqdQhxbPa994hnzjcE2VqQpDslf55723cKPUOGSmMY3g==",
					"dev": true,
					"requires": {
						"ms": "2.0.0"
					}
				},
				"ms": {
					"version": "2.0.0",
					"resolved": "https://registry.npmjs.org/ms/-/ms-2.0.0.tgz",
					"integrity": "sha1-VgiurfwAvmwpAd9fmGF4jeDVl8g=",
					"dev": true
				}
			}
		},
		"engine.io-parser": {
			"version": "2.1.2",
			"resolved": "https://registry.npmjs.org/engine.io-parser/-/engine.io-parser-2.1.2.tgz",
			"integrity": "sha512-dInLFzr80RijZ1rGpx1+56/uFoH7/7InhH3kZt+Ms6hT8tNx3NGW/WNSA/f8As1WkOfkuyb3tnRyuXGxusclMw==",
			"dev": true,
			"requires": {
				"after": "0.8.2",
				"arraybuffer.slice": "~0.0.7",
				"base64-arraybuffer": "0.1.5",
				"blob": "0.0.4",
				"has-binary2": "~1.0.2"
			}
		},
		"events": {
			"version": "3.0.0",
			"resolved": "https://registry.npmjs.org/events/-/events-3.0.0.tgz",
			"integrity": "sha512-Dc381HFWJzEOhQ+d8pkNon++bk9h6cdAoAj4iE6Q4y6xgTzySWXlKn05/TVNpjnfRqi/X0EpJEJohPjNI3zpVA==",
			"dev": true
		},
		"feathers-memory": {
			"version": "2.2.0",
			"resolved": "https://registry.npmjs.org/feathers-memory/-/feathers-memory-2.2.0.tgz",
			"integrity": "sha512-rkx6oKBMbQbqtXUCS8GfC9wRubcNNBD0cHIU7Mesyg1Wsk0Dm7JftqrLz0fax1R1j2VMmMM8EZXuljhdtfdGLw==",
			"dev": true,
			"requires": {
				"@feathersjs/commons": "^1.3.0",
				"@feathersjs/errors": "^3.2.0",
				"sift": "^6.0.0",
				"uberproto": "^2.0.1"
			},
			"dependencies": {
				"@feathersjs/commons": {
					"version": "1.4.4",
					"resolved": "https://registry.npmjs.org/@feathersjs/commons/-/commons-1.4.4.tgz",
					"integrity": "sha512-ZPpzyZA3CPfoa9AuFv3BJUI/ubzaaXixp8T/pqeMFPT6DOaU/6oF7lz1RxwimzfJNna4gy/HByt0EoLSI3BKWg==",
					"dev": true
				}
			}
		},
		"get-func-name": {
			"version": "2.0.0",
			"resolved": "https://registry.npmjs.org/get-func-name/-/get-func-name-2.0.0.tgz",
			"integrity": "sha1-6td0q+5y4gQJQzoGY2YCPdaIekE=",
			"dev": true
		},
		"has-binary2": {
			"version": "1.0.3",
			"resolved": "https://registry.npmjs.org/has-binary2/-/has-binary2-1.0.3.tgz",
			"integrity": "sha512-G1LWKhDSvhGeAQ8mPVQlqNcOB2sJdwATtZKl2pDKKHfpf/rYj24lkinxf69blJbnsvtqqNU+L3SL50vzZhXOnw==",
			"dev": true,
			"requires": {
				"isarray": "2.0.1"
			}
		},
		"isarray": {
			"version": "2.0.1",
			"resolved": "https://registry.npmjs.org/isarray/-/isarray-2.0.1.tgz",
			"integrity": "sha1-o32U7ZzaLVmGXJ92/llu4fM4dB4=",
			"dev": true
		},
		"lodash": {
			"version": "4.17.11",
			"resolved": "https://registry.npmjs.org/lodash/-/lodash-4.17.11.tgz",
			"integrity": "sha512-cQKh8igo5QUhZ7lg38DYWAxMvjSAKG0A8wGSVimP07SIUEK2UO+arSRKbRZWtelMtN5V0Hkwh5ryOto/SshYIg=="
		},
		"mime-db": {
			"version": "1.36.0",
			"resolved": "https://registry.npmjs.org/mime-db/-/mime-db-1.36.0.tgz",
			"integrity": "sha512-L+xvyD9MkoYMXb1jAmzI/lWYAxAMCPvIBSWur0PZ5nOf5euahRLVqH//FKW9mWp2lkqUgYiXPgkzfMUFi4zVDw==",
			"dev": true
		},
		"mime-types": {
			"version": "2.1.20",
			"resolved": "https://registry.npmjs.org/mime-types/-/mime-types-2.1.20.tgz",
			"integrity": "sha512-HrkrPaP9vGuWbLK1B1FfgAkbqNjIuy4eHlIYnFi7kamZyLLrGlo2mpcx0bBmNpKqBtYtAfGbodDddIgddSJC2A==",
			"dev": true,
			"requires": {
				"mime-db": "~1.36.0"
			}
		},
		"ms": {
			"version": "2.1.1",
			"resolved": "https://registry.npmjs.org/ms/-/ms-2.1.1.tgz",
			"integrity": "sha512-tgp+dl5cGk28utYktBsrFqA7HKgrhgPsg6Z/EfhWI4gl1Hwq8B/GmY/0oXZ6nF8hDVesS/FpnYaD/kOWhYQvyg=="
		},
		"negotiator": {
			"version": "0.6.1",
			"resolved": "https://registry.npmjs.org/negotiator/-/negotiator-0.6.1.tgz",
			"integrity": "sha1-KzJxhOiZIQEXeyhWP7XnECrNDKk=",
			"dev": true
		},
		"pathval": {
			"version": "1.1.0",
			"resolved": "https://registry.npmjs.org/pathval/-/pathval-1.1.0.tgz",
			"integrity": "sha1-uULm1L3mUwBe9rcTYd74cn0GReA=",
			"dev": true
		},
		"radix-router": {
			"version": "3.0.1",
			"resolved": "https://registry.npmjs.org/radix-router/-/radix-router-3.0.1.tgz",
			"integrity": "sha512-jpHXHgP+ZmVzEfmZ7WVRSvc/EqMoAqYuMtBsHd9s47Hs9Iy8FDJhkweMrDH0wmdxanLzVIWhq0UpomLXNpW8tg=="
		},
		"safe-buffer": {
			"version": "5.1.2",
			"resolved": "https://registry.npmjs.org/safe-buffer/-/safe-buffer-5.1.2.tgz",
			"integrity": "sha512-Gd2UZBJDkXlY7GbJxfsE8/nvKkUEU1G38c1siN6QP6a9PT9MmHB8GnpscSmMJSoF8LOIrt8ud/wPtojys4G6+g==",
			"dev": true
		},
		"sift": {
			"version": "6.0.0",
			"resolved": "https://registry.npmjs.org/sift/-/sift-6.0.0.tgz",
			"integrity": "sha1-+Tp3jly/BaUCTrw5HmsyURptH4I=",
			"dev": true
		},
		"socket.io": {
			"version": "2.1.1",
			"resolved": "https://registry.npmjs.org/socket.io/-/socket.io-2.1.1.tgz",
			"integrity": "sha512-rORqq9c+7W0DAK3cleWNSyfv/qKXV99hV4tZe+gGLfBECw3XEhBy7x85F3wypA9688LKjtwO9pX9L33/xQI8yA==",
			"dev": true,
			"requires": {
				"debug": "~3.1.0",
				"engine.io": "~3.2.0",
				"has-binary2": "~1.0.2",
				"socket.io-adapter": "~1.1.0",
				"socket.io-client": "2.1.1",
				"socket.io-parser": "~3.2.0"
			},
			"dependencies": {
				"debug": {
					"version": "3.1.0",
					"resolved": "https://registry.npmjs.org/debug/-/debug-3.1.0.tgz",
					"integrity": "sha512-OX8XqP7/1a9cqkxYw2yXss15f26NKWBpDXQd0/uK/KPqdQhxbPa994hnzjcE2VqQpDslf55723cKPUOGSmMY3g==",
					"dev": true,
					"requires": {
						"ms": "2.0.0"
					}
				},
				"ms": {
					"version": "2.0.0",
					"resolved": "https://registry.npmjs.org/ms/-/ms-2.0.0.tgz",
					"integrity": "sha1-VgiurfwAvmwpAd9fmGF4jeDVl8g=",
					"dev": true
				}
			}
		},
		"socket.io-adapter": {
			"version": "1.1.1",
			"resolved": "https://registry.npmjs.org/socket.io-adapter/-/socket.io-adapter-1.1.1.tgz",
			"integrity": "sha1-KoBeihTWNyEk3ZFZrUUC+MsH8Gs=",
			"dev": true
		},
		"socket.io-client": {
			"version": "2.1.1",
			"resolved": "https://registry.npmjs.org/socket.io-client/-/socket.io-client-2.1.1.tgz",
			"integrity": "sha512-jxnFyhAuFxYfjqIgduQlhzqTcOEQSn+OHKVfAxWaNWa7ecP7xSNk2Dx/3UEsDcY7NcFafxvNvKPmmO7HTwTxGQ==",
			"dev": true,
			"requires": {
				"backo2": "1.0.2",
				"base64-arraybuffer": "0.1.5",
				"component-bind": "1.0.0",
				"component-emitter": "1.2.1",
				"debug": "~3.1.0",
				"engine.io-client": "~3.2.0",
				"has-binary2": "~1.0.2",
				"has-cors": "1.1.0",
				"indexof": "0.0.1",
				"object-component": "0.0.3",
				"parseqs": "0.0.5",
				"parseuri": "0.0.5",
				"socket.io-parser": "~3.2.0",
				"to-array": "0.1.4"
			},
			"dependencies": {
				"after": {
					"version": "0.8.2",
					"resolved": "https://registry.npmjs.org/after/-/after-0.8.2.tgz",
					"integrity": "sha1-/ts5T58OAqqXaOcCvaI7UF+ufh8=",
					"dev": true
				},
				"arraybuffer.slice": {
					"version": "0.0.7",
					"resolved": "https://registry.npmjs.org/arraybuffer.slice/-/arraybuffer.slice-0.0.7.tgz",
					"integrity": "sha512-wGUIVQXuehL5TCqQun8OW81jGzAWycqzFF8lFp+GOM5BXLYj3bKNsYC4daB7n6XjCqxQA/qgTJ+8ANR3acjrog==",
					"dev": true
				},
				"async-limiter": {
					"version": "1.0.0",
					"resolved": "https://registry.npmjs.org/async-limiter/-/async-limiter-1.0.0.tgz",
					"integrity": "sha512-jp/uFnooOiO+L211eZOoSyzpOITMXx1rBITauYykG3BRYPu8h0UcxsPNB04RR5vo4Tyz3+ay17tR6JVf9qzYWg==",
					"dev": true
				},
				"backo2": {
					"version": "1.0.2",
					"resolved": "https://registry.npmjs.org/backo2/-/backo2-1.0.2.tgz",
					"integrity": "sha1-MasayLEpNjRj41s+u2n038+6eUc=",
					"dev": true
				},
				"base64-arraybuffer": {
					"version": "0.1.5",
					"resolved": "https://registry.npmjs.org/base64-arraybuffer/-/base64-arraybuffer-0.1.5.tgz",
					"integrity": "sha1-c5JncZI7Whl0etZmqlzUv5xunOg=",
					"dev": true
				},
				"better-assert": {
					"version": "1.0.2",
					"resolved": "https://registry.npmjs.org/better-assert/-/better-assert-1.0.2.tgz",
					"integrity": "sha1-QIZrnhueC1W0gYlDEeaPr/rrxSI=",
					"dev": true,
					"requires": {
						"callsite": "1.0.0"
					}
				},
				"blob": {
					"version": "0.0.4",
					"resolved": "https://registry.npmjs.org/blob/-/blob-0.0.4.tgz",
					"integrity": "sha1-vPEwUspURj8w+fx+lbmkdjCpSSE=",
					"dev": true
				},
				"callsite": {
					"version": "1.0.0",
					"resolved": "https://registry.npmjs.org/callsite/-/callsite-1.0.0.tgz",
					"integrity": "sha1-KAOY5dZkvXQDi28JBRU+borxvCA=",
					"dev": true
				},
				"component-bind": {
					"version": "1.0.0",
					"resolved": "https://registry.npmjs.org/component-bind/-/component-bind-1.0.0.tgz",
					"integrity": "sha1-AMYIq33Nk4l8AAllGx06jh5zu9E=",
					"dev": true
				},
				"component-emitter": {
					"version": "1.2.1",
					"resolved": "https://registry.npmjs.org/component-emitter/-/component-emitter-1.2.1.tgz",
					"integrity": "sha1-E3kY1teCg/ffemt8WmPhQOaUJeY=",
					"dev": true
				},
				"component-inherit": {
					"version": "0.0.3",
					"resolved": "https://registry.npmjs.org/component-inherit/-/component-inherit-0.0.3.tgz",
					"integrity": "sha1-ZF/ErfWLcrZJ1crmUTVhnbJv8UM=",
					"dev": true
				},
				"debug": {
					"version": "3.1.0",
					"resolved": "https://registry.npmjs.org/debug/-/debug-3.1.0.tgz",
					"integrity": "sha512-OX8XqP7/1a9cqkxYw2yXss15f26NKWBpDXQd0/uK/KPqdQhxbPa994hnzjcE2VqQpDslf55723cKPUOGSmMY3g==",
					"dev": true,
					"requires": {
						"ms": "2.0.0"
					}
				},
				"engine.io-client": {
					"version": "3.2.1",
					"resolved": "https://registry.npmjs.org/engine.io-client/-/engine.io-client-3.2.1.tgz",
					"integrity": "sha512-y5AbkytWeM4jQr7m/koQLc5AxpRKC1hEVUb/s1FUAWEJq5AzJJ4NLvzuKPuxtDi5Mq755WuDvZ6Iv2rXj4PTzw==",
					"dev": true,
					"requires": {
						"component-emitter": "1.2.1",
						"component-inherit": "0.0.3",
						"debug": "~3.1.0",
						"engine.io-parser": "~2.1.1",
						"has-cors": "1.1.0",
						"indexof": "0.0.1",
						"parseqs": "0.0.5",
						"parseuri": "0.0.5",
						"ws": "~3.3.1",
						"xmlhttprequest-ssl": "~1.5.4",
						"yeast": "0.1.2"
					}
				},
				"engine.io-parser": {
					"version": "2.1.2",
					"resolved": "https://registry.npmjs.org/engine.io-parser/-/engine.io-parser-2.1.2.tgz",
					"integrity": "sha512-dInLFzr80RijZ1rGpx1+56/uFoH7/7InhH3kZt+Ms6hT8tNx3NGW/WNSA/f8As1WkOfkuyb3tnRyuXGxusclMw==",
					"dev": true,
					"requires": {
						"after": "0.8.2",
						"arraybuffer.slice": "~0.0.7",
						"base64-arraybuffer": "0.1.5",
						"blob": "0.0.4",
						"has-binary2": "~1.0.2"
					}
				},
				"has-binary2": {
					"version": "1.0.3",
					"resolved": "https://registry.npmjs.org/has-binary2/-/has-binary2-1.0.3.tgz",
					"integrity": "sha512-G1LWKhDSvhGeAQ8mPVQlqNcOB2sJdwATtZKl2pDKKHfpf/rYj24lkinxf69blJbnsvtqqNU+L3SL50vzZhXOnw==",
					"dev": true,
					"requires": {
						"isarray": "2.0.1"
					}
				},
				"has-cors": {
					"version": "1.1.0",
					"resolved": "https://registry.npmjs.org/has-cors/-/has-cors-1.1.0.tgz",
					"integrity": "sha1-XkdHk/fqmEPRu5nCPu9J/xJv/zk=",
					"dev": true
				},
				"indexof": {
					"version": "0.0.1",
					"resolved": "https://registry.npmjs.org/indexof/-/indexof-0.0.1.tgz",
					"integrity": "sha1-gtwzbSMrkGIXnQWrMpOmYFn9Q10=",
					"dev": true
				},
				"isarray": {
					"version": "2.0.1",
					"resolved": "https://registry.npmjs.org/isarray/-/isarray-2.0.1.tgz",
					"integrity": "sha1-o32U7ZzaLVmGXJ92/llu4fM4dB4=",
					"dev": true
				},
				"ms": {
					"version": "2.0.0",
					"resolved": "https://registry.npmjs.org/ms/-/ms-2.0.0.tgz",
					"integrity": "sha1-VgiurfwAvmwpAd9fmGF4jeDVl8g=",
					"dev": true
				},
				"object-component": {
					"version": "0.0.3",
					"resolved": "https://registry.npmjs.org/object-component/-/object-component-0.0.3.tgz",
					"integrity": "sha1-8MaapQ78lbhmwYb0AKM3acsvEpE=",
					"dev": true
				},
				"parseqs": {
					"version": "0.0.5",
					"resolved": "https://registry.npmjs.org/parseqs/-/parseqs-0.0.5.tgz",
					"integrity": "sha1-1SCKNzjkZ2bikbouoXNoSSGouJ0=",
					"dev": true,
					"requires": {
						"better-assert": "~1.0.0"
					}
				},
				"parseuri": {
					"version": "0.0.5",
					"resolved": "https://registry.npmjs.org/parseuri/-/parseuri-0.0.5.tgz",
					"integrity": "sha1-gCBKUNTbt3m/3G6+J3jZDkvOMgo=",
					"dev": true,
					"requires": {
						"better-assert": "~1.0.0"
					}
				},
				"safe-buffer": {
					"version": "5.1.2",
					"resolved": "https://registry.npmjs.org/safe-buffer/-/safe-buffer-5.1.2.tgz",
					"integrity": "sha512-Gd2UZBJDkXlY7GbJxfsE8/nvKkUEU1G38c1siN6QP6a9PT9MmHB8GnpscSmMJSoF8LOIrt8ud/wPtojys4G6+g==",
					"dev": true
				},
				"socket.io-parser": {
					"version": "3.2.0",
					"resolved": "https://registry.npmjs.org/socket.io-parser/-/socket.io-parser-3.2.0.tgz",
					"integrity": "sha512-FYiBx7rc/KORMJlgsXysflWx/RIvtqZbyGLlHZvjfmPTPeuD/I8MaW7cfFrj5tRltICJdgwflhfZ3NVVbVLFQA==",
					"dev": true,
					"requires": {
						"component-emitter": "1.2.1",
						"debug": "~3.1.0",
						"isarray": "2.0.1"
					}
				},
				"to-array": {
					"version": "0.1.4",
					"resolved": "https://registry.npmjs.org/to-array/-/to-array-0.1.4.tgz",
					"integrity": "sha1-F+bBH3PdTz10zaek/zI46a2b+JA=",
					"dev": true
				},
				"ultron": {
					"version": "1.1.1",
					"resolved": "https://registry.npmjs.org/ultron/-/ultron-1.1.1.tgz",
					"integrity": "sha512-UIEXBNeYmKptWH6z8ZnqTeS8fV74zG0/eRU9VGkpzz+LIJNs8W/zM/L+7ctCkRrgbNnnR0xxw4bKOr0cW0N0Og==",
					"dev": true
				},
				"ws": {
					"version": "3.3.3",
					"resolved": "https://registry.npmjs.org/ws/-/ws-3.3.3.tgz",
					"integrity": "sha512-nnWLa/NwZSt4KQJu51MYlCcSQ5g7INpOrOMt4XV8j4dqTXdmlUmSHQ8/oLC069ckre0fRsgfvsKwbTdtKLCDkA==",
					"dev": true,
					"requires": {
						"async-limiter": "~1.0.0",
						"safe-buffer": "~5.1.0",
						"ultron": "~1.1.0"
					}
				},
				"xmlhttprequest-ssl": {
					"version": "1.5.5",
					"resolved": "https://registry.npmjs.org/xmlhttprequest-ssl/-/xmlhttprequest-ssl-1.5.5.tgz",
					"integrity": "sha1-wodrBhaKrcQOV9l+gRkayPQ5iz4=",
					"dev": true
				},
				"yeast": {
					"version": "0.1.2",
					"resolved": "https://registry.npmjs.org/yeast/-/yeast-0.1.2.tgz",
					"integrity": "sha1-AI4G2AlDIMNy28L47XagymyKxBk=",
					"dev": true
				}
			}
		},
		"socket.io-parser": {
			"version": "3.2.0",
			"resolved": "https://registry.npmjs.org/socket.io-parser/-/socket.io-parser-3.2.0.tgz",
			"integrity": "sha512-FYiBx7rc/KORMJlgsXysflWx/RIvtqZbyGLlHZvjfmPTPeuD/I8MaW7cfFrj5tRltICJdgwflhfZ3NVVbVLFQA==",
			"dev": true,
			"requires": {
				"component-emitter": "1.2.1",
				"debug": "~3.1.0",
				"isarray": "2.0.1"
			},
			"dependencies": {
				"debug": {
					"version": "3.1.0",
					"resolved": "https://registry.npmjs.org/debug/-/debug-3.1.0.tgz",
					"integrity": "sha512-OX8XqP7/1a9cqkxYw2yXss15f26NKWBpDXQd0/uK/KPqdQhxbPa994hnzjcE2VqQpDslf55723cKPUOGSmMY3g==",
					"dev": true,
					"requires": {
						"ms": "2.0.0"
					}
				},
				"ms": {
					"version": "2.0.0",
					"resolved": "https://registry.npmjs.org/ms/-/ms-2.0.0.tgz",
					"integrity": "sha1-VgiurfwAvmwpAd9fmGF4jeDVl8g=",
					"dev": true
				}
			}
		},
		"type-detect": {
			"version": "4.0.8",
			"resolved": "https://registry.npmjs.org/type-detect/-/type-detect-4.0.8.tgz",
			"integrity": "sha512-0fr/mIH1dlO+x7TlcMy+bIDqKPsw/70tVyeHW787goQjhmqaZe10uwLujubK9q9Lg6Fiho1KUKDYz0Z7k7g5/g==",
			"dev": true
		},
		"uberproto": {
			"version": "2.0.4",
			"resolved": "https://registry.npmjs.org/uberproto/-/uberproto-2.0.4.tgz",
			"integrity": "sha512-c/5xjTcztW9XVhrkCycHQRBIAxww5JpDKk/q0zc2tVdQn6ZQvnChWgLvQaWAT1Al5JvRyvloUI15ad41m6dYwg==",
			"dev": true
		},
		"ultron": {
			"version": "1.1.1",
			"resolved": "https://registry.npmjs.org/ultron/-/ultron-1.1.1.tgz",
			"integrity": "sha512-UIEXBNeYmKptWH6z8ZnqTeS8fV74zG0/eRU9VGkpzz+LIJNs8W/zM/L+7ctCkRrgbNnnR0xxw4bKOr0cW0N0Og==",
			"dev": true
		},
		"ws": {
			"version": "3.3.3",
			"resolved": "https://registry.npmjs.org/ws/-/ws-3.3.3.tgz",
			"integrity": "sha512-nnWLa/NwZSt4KQJu51MYlCcSQ5g7INpOrOMt4XV8j4dqTXdmlUmSHQ8/oLC069ckre0fRsgfvsKwbTdtKLCDkA==",
			"dev": true,
			"requires": {
				"async-limiter": "~1.0.0",
				"safe-buffer": "~5.1.0",
				"ultron": "~1.1.0"
			}
		}
	}
}
