{
	"name": "@feathersjs/express",
<<<<<<< HEAD
	"version": "1.2.5",
=======
	"version": "1.2.6",
>>>>>>> 0a2ce87c8eb403074da018b1fbe1c8a0a5288475
	"lockfileVersion": 1,
	"requires": true,
	"dependencies": {
		"uberproto": {
			"version": "2.0.4",
			"resolved": "https://registry.npmjs.org/uberproto/-/uberproto-2.0.4.tgz",
			"integrity": "sha512-c/5xjTcztW9XVhrkCycHQRBIAxww5JpDKk/q0zc2tVdQn6ZQvnChWgLvQaWAT1Al5JvRyvloUI15ad41m6dYwg=="
		}
	}
}
