{
	"name": "@feathersjs/feathers",
	"version": "3.3.0",
	"lockfileVersion": 1,
	"requires": true,
	"dependencies": {
		"uberproto": {
			"version": "2.0.4",
			"resolved": "https://registry.npmjs.org/uberproto/-/uberproto-2.0.4.tgz",
			"integrity": "sha512-c/5xjTcztW9XVhrkCycHQRBIAxww5JpDKk/q0zc2tVdQn6ZQvnChWgLvQaWAT1Al5JvRyvloUI15ad41m6dYwg=="
		}
	}
}
