{
  "name": "@feathersjs/primus-client",
  "version": "1.1.1",
  "lockfileVersion": 1,
  "requires": true,
  "dependencies": {
    "@feathersjs/errors": {
      "version": "3.3.0",
      "resolved": "https://registry.npmjs.org/@feathersjs/errors/-/errors-3.3.0.tgz",
      "integrity": "sha512-9oYAhAj4CKIix5KITRDEzvyNJNIaqNde5lGqmrQLw4pTuyWMvx9tgBhtXPA0l8lS1KnMKw4Qf1gHo6aKrM+OyQ==",
      "dev": true,
      "requires": {
        "debug": "^3.1.0"
      }
    },
    "assertion-error": {
      "version": "1.1.0",
      "resolved": "https://registry.npmjs.org/assertion-error/-/assertion-error-1.1.0.tgz",
      "integrity": "sha512-jgsaNduz+ndvGyFt3uSuWqvy4lCnIJiovtouQN5JZHOKCS2QuhEdbcQHFhVksz2N2U9hXJo8odG7ETyWlEeuDw==",
      "dev": true
    },
    "async-limiter": {
      "version": "1.0.0",
      "resolved": "https://registry.npmjs.org/async-limiter/-/async-limiter-1.0.0.tgz",
      "integrity": "sha512-jp/uFnooOiO+L211eZOoSyzpOITMXx1rBITauYykG3BRYPu8h0UcxsPNB04RR5vo4Tyz3+ay17tR6JVf9qzYWg==",
      "dev": true
    },
    "chai": {
      "version": "4.1.2",
      "resolved": "https://registry.npmjs.org/chai/-/chai-4.1.2.tgz",
      "integrity": "sha1-D2RYS6ZC8PKs4oBiefTwbKI61zw=",
      "dev": true,
      "requires": {
        "assertion-error": "^1.0.1",
        "check-error": "^1.0.1",
        "deep-eql": "^3.0.0",
        "get-func-name": "^2.0.0",
        "pathval": "^1.0.0",
        "type-detect": "^4.0.0"
      }
    },
    "check-error": {
      "version": "1.0.2",
      "resolved": "https://registry.npmjs.org/check-error/-/check-error-1.0.2.tgz",
      "integrity": "sha1-V00xLt2Iu13YkS6Sht1sCu1KrII=",
      "dev": true
    },
    "clone-deep": {
      "version": "4.0.0",
      "resolved": "https://registry.npmjs.org/clone-deep/-/clone-deep-4.0.0.tgz",
      "integrity": "sha512-aNJ5/7Bz2IYBb7nIj34TLGk78lBXpXUgV9qsLngtTvJ9+scsZNnlU0OX2S2N4ax/sUQt7sDBkXiGjGJEmNbXOQ==",
      "dev": true,
      "requires": {
        "kind-of": "^6.0.2",
        "shallow-clone": "^3.0.0"
      }
    },
    "debug": {
      "version": "3.1.0",
      "resolved": "https://registry.npmjs.org/debug/-/debug-3.1.0.tgz",
      "integrity": "sha512-OX8XqP7/1a9cqkxYw2yXss15f26NKWBpDXQd0/uK/KPqdQhxbPa994hnzjcE2VqQpDslf55723cKPUOGSmMY3g==",
      "dev": true,
      "requires": {
        "ms": "2.0.0"
      }
    },
    "deep-eql": {
      "version": "3.0.1",
      "resolved": "https://registry.npmjs.org/deep-eql/-/deep-eql-3.0.1.tgz",
      "integrity": "sha512-+QeIQyN5ZuO+3Uk5DYh6/1eKO0m0YmJFGNmFHGACpf1ClL1nmlV/p4gNgbl2pJGxgXb4faqo6UE+M5ACEMyVcw==",
      "dev": true,
      "requires": {
        "type-detect": "^4.0.0"
      }
    },
    "feathers-memory": {
      "version": "2.1.3",
      "resolved": "https://registry.npmjs.org/feathers-memory/-/feathers-memory-2.1.3.tgz",
      "integrity": "sha512-qWRBvdmP1VHfZxI9eTfnGt+2oFS2YYOF+/9GdKuM2fp35Pad7Laotbvgg4QgZxa/oACR/NiNOxbjvnctiRup2w==",
      "dev": true,
      "requires": {
        "@feathersjs/commons": "^1.3.0",
        "@feathersjs/errors": "^3.2.0",
        "clone-deep": "^4.0.0",
        "sift": "^5.0.0",
        "uberproto": "^2.0.1"
      },
      "dependencies": {
        "@feathersjs/commons": {
          "version": "1.4.4",
          "resolved": "https://registry.npmjs.org/@feathersjs/commons/-/commons-1.4.4.tgz",
          "integrity": "sha512-ZPpzyZA3CPfoa9AuFv3BJUI/ubzaaXixp8T/pqeMFPT6DOaU/6oF7lz1RxwimzfJNna4gy/HByt0EoLSI3BKWg==",
          "dev": true
        }
      }
    },
    "get-func-name": {
      "version": "2.0.0",
      "resolved": "https://registry.npmjs.org/get-func-name/-/get-func-name-2.0.0.tgz",
      "integrity": "sha1-6td0q+5y4gQJQzoGY2YCPdaIekE=",
      "dev": true
    },
    "kind-of": {
      "version": "6.0.2",
      "resolved": "https://registry.npmjs.org/kind-of/-/kind-of-6.0.2.tgz",
      "integrity": "sha512-s5kLOcnH0XqDO+FvuaLX8DDjZ18CGFk7VygH40QoKPUQhW4e2rvM0rwUq0t8IQDOwYSeLK01U90OjzBTme2QqA==",
      "dev": true
    },
    "ms": {
      "version": "2.0.0",
      "resolved": "https://registry.npmjs.org/ms/-/ms-2.0.0.tgz",
      "integrity": "sha1-VgiurfwAvmwpAd9fmGF4jeDVl8g=",
      "dev": true
    },
    "pathval": {
      "version": "1.1.0",
      "resolved": "https://registry.npmjs.org/pathval/-/pathval-1.1.0.tgz",
      "integrity": "sha1-uULm1L3mUwBe9rcTYd74cn0GReA=",
      "dev": true
    },
    "shallow-clone": {
      "version": "3.0.0",
      "resolved": "https://registry.npmjs.org/shallow-clone/-/shallow-clone-3.0.0.tgz",
      "integrity": "sha512-Drg+nOI+ofeuslBf0nulyWLZhK1BZprqNvPJaiB4VvES+9gC6GG+qOVAfuO12zVSgxq9SKevcme7S3uDT6Be8w==",
      "dev": true,
      "requires": {
        "kind-of": "^6.0.2"
      }
    },
    "sift": {
      "version": "5.1.0",
      "resolved": "https://registry.npmjs.org/sift/-/sift-5.1.0.tgz",
      "integrity": "sha1-G78t+w63HlbEzH+1Z/vRNRtlAV4=",
      "dev": true
    },
    "type-detect": {
      "version": "4.0.8",
      "resolved": "https://registry.npmjs.org/type-detect/-/type-detect-4.0.8.tgz",
      "integrity": "sha512-0fr/mIH1dlO+x7TlcMy+bIDqKPsw/70tVyeHW787goQjhmqaZe10uwLujubK9q9Lg6Fiho1KUKDYz0Z7k7g5/g==",
      "dev": true
    },
    "uberproto": {
      "version": "2.0.3",
      "resolved": "https://registry.npmjs.org/uberproto/-/uberproto-2.0.3.tgz",
      "integrity": "sha512-TFEyMv0ofimpBPmm7iFuInqcQyGgAd2E3oAUxXRk+7amilcrQ+/Ql/DxwxNRWciS7mHLX5Qog0FQ7r5X8mI+RQ==",
      "dev": true
    },
    "ws": {
      "version": "6.0.0",
      "resolved": "https://registry.npmjs.org/ws/-/ws-6.0.0.tgz",
      "integrity": "sha512-c2UlYcAZp1VS8AORtpq6y4RJIkJ9dQz18W32SpR/qXGfLDZ2jU4y4wKvvZwqbi7U6gxFQTeE+urMbXU/tsDy4w==",
      "dev": true,
      "requires": {
        "async-limiter": "~1.0.0"
      }
    }
  }
}
