{
	"name": "@feathersjs/tests",
	"version": "4.0.0-pre.0",
	"lockfileVersion": 1,
	"requires": true,
	"dependencies": {
		"@types/node": {
			"version": "11.13.10",
			"resolved": "https://registry.npmjs.org/@types/node/-/node-11.13.10.tgz",
			"integrity": "sha512-leUNzbFTMX94TWaIKz8N15Chu55F9QSH+INKayQr5xpkasBQBRF3qQXfo3/dOnMU/dEIit+Y/SU8HyOjq++GwA==",
			"dev": true
		}
	}
}
