{
	"name": "@feathersjs/adapter-tests",
	"version": "1.0.1",
	"lockfileVersion": 1,
	"requires": true,
	"dependencies": {
		"feathers-memory": {
			"version": "3.0.2",
			"resolved": "https://registry.npmjs.org/feathers-memory/-/feathers-memory-3.0.2.tgz",
			"integrity": "sha512-GlSYSlIgN5BhvGaCi2AMaltteJvmCOoA5u9j1dIwnwWveF4586TLGsUKu1CASisva5DVczDlmIltq+GJpO6D7w==",
			"dev": true,
			"requires": {
				"@feathersjs/adapter-commons": "^2.0.0",
				"@feathersjs/commons": "^4.0.0",
				"@feathersjs/errors": "^3.3.6",
				"sift": "^7.0.1"
			},
			"dependencies": {
				"@feathersjs/adapter-commons": {
					"version": "2.0.0",
					"resolved": "https://registry.npmjs.org/@feathersjs/adapter-commons/-/adapter-commons-2.0.0.tgz",
					"integrity": "sha512-Fyb2RpV3pZWscjeSQnuvSfksixipwsY0ObpHbz8k0bdfbjpqT59MWTzVcvYsIJzCCHfD0KcsloiZ6jhW5wL9sg==",
					"dev": true,
					"requires": {
						"@feathersjs/commons": "^4.0.0",
						"@feathersjs/errors": "^3.3.6"
					}
				},
				"@feathersjs/commons": {
					"version": "4.0.0",
					"resolved": "https://registry.npmjs.org/@feathersjs/commons/-/commons-4.0.0.tgz",
					"integrity": "sha512-hyCLse4RiNt7WLPQ0KSudjoVnwiRykhYzIZdtDon9i2usPaoYkFw/fEYZrkE5HVB+sUTwphZoZ1oOntRk1MShg==",
					"dev": true
				},
				"@feathersjs/errors": {
					"version": "3.3.6",
					"resolved": "https://registry.npmjs.org/@feathersjs/errors/-/errors-3.3.6.tgz",
					"integrity": "sha512-VCohY/AQU13xYyZGl6rfdUgE+2bjaI76a4aEb6reIphHKgb4mnjYlg2PzS1/hcU1qUNi515kY9yQa5HsE7J1dQ==",
					"dev": true,
					"requires": {
						"debug": "^4.0.0"
					}
				},
				"debug": {
					"version": "4.1.1",
					"resolved": "https://registry.npmjs.org/debug/-/debug-4.1.1.tgz",
					"integrity": "sha512-pYAIzeRo8J6KPEaJ0VWOh5Pzkbw/RetuzehGM7QRRX5he4fPHx2rdKMB256ehJCkX+XRQm16eZLqLNS8RSZXZw==",
					"dev": true,
					"requires": {
						"ms": "^2.1.1"
					}
				},
				"ms": {
					"version": "2.1.1",
					"resolved": "https://registry.npmjs.org/ms/-/ms-2.1.1.tgz",
					"integrity": "sha512-tgp+dl5cGk28utYktBsrFqA7HKgrhgPsg6Z/EfhWI4gl1Hwq8B/GmY/0oXZ6nF8hDVesS/FpnYaD/kOWhYQvyg==",
					"dev": true
				},
				"sift": {
					"version": "7.0.1",
					"resolved": "https://registry.npmjs.org/sift/-/sift-7.0.1.tgz",
					"integrity": "sha512-oqD7PMJ+uO6jV9EQCl0LrRw1OwsiPsiFQR5AR30heR+4Dl7jBBbDLnNvWiak20tzZlSE1H7RB30SX/1j/YYT7g==",
					"dev": true
				}
			}
		}
	}
}
