{
	"name": "@feathersjs/authentication-jwt",
	"version": "2.0.3",
	"lockfileVersion": 1,
	"requires": true,
	"dependencies": {
		"@feathersjs/authentication": {
			"version": "2.1.9",
			"resolved": "https://registry.npmjs.org/@feathersjs/authentication/-/authentication-2.1.9.tgz",
			"integrity": "sha512-bvCpn/2iBtKO8obJujYsHaRj4s0X4Ne6gYZc7K6Y7V/tX8S1bSPHXoxqizaIHEQS4kLUYIjwsIblWO8KIElQAQ==",
			"dev": true,
			"requires": {
				"@feathersjs/commons": "^3.0.0",
				"@feathersjs/errors": "^3.3.2",
				"@feathersjs/socket-commons": "^3.1.2",
				"debug": "^3.1.0",
				"jsonwebtoken": "^8.0.0",
				"lodash.clone": "^4.5.0",
				"lodash.merge": "^4.6.0",
				"lodash.omit": "^4.5.0",
				"lodash.pick": "^4.4.0",
				"long-timeout": "^0.1.1",
				"ms": "^2.0.0",
				"passport": "^0.4.0",
				"uuid": "^3.1.0"
			},
			"dependencies": {
				"debug": {
					"version": "3.1.0",
					"resolved": "https://registry.npmjs.org/debug/-/debug-3.1.0.tgz",
					"integrity": "sha512-OX8XqP7/1a9cqkxYw2yXss15f26NKWBpDXQd0/uK/KPqdQhxbPa994hnzjcE2VqQpDslf55723cKPUOGSmMY3g==",
					"dev": true,
					"requires": {
						"ms": "2.0.0"
					}
				}
			}
		},
		"@feathersjs/commons": {
			"version": "3.0.0",
			"resolved": "https://registry.npmjs.org/@feathersjs/commons/-/commons-3.0.0.tgz",
			"integrity": "sha512-wNIQ5YttjPXrMJGm1tYOctzNm3oWt95mD47gdtr/QU2pbYWClCoZLcU7bSgjV2pLrxGvo9UnNhSmR/Y/cfhdNw==",
			"dev": true
		},
		"@feathersjs/errors": {
			"version": "3.3.2",
			"resolved": "https://registry.npmjs.org/@feathersjs/errors/-/errors-3.3.2.tgz",
			"integrity": "sha512-9a2KHFMPRQw6zTuDo06YbgWyqXiWOqCi6iXI8kMrLDKAmkRvJjrCq+SXEJuz44hTxqBJtJBaW164Mez8tQqJbw==",
			"requires": {
				"debug": "^3.1.0"
			},
			"dependencies": {
				"debug": {
					"version": "3.1.0",
					"resolved": "https://registry.npmjs.org/debug/-/debug-3.1.0.tgz",
					"integrity": "sha512-OX8XqP7/1a9cqkxYw2yXss15f26NKWBpDXQd0/uK/KPqdQhxbPa994hnzjcE2VqQpDslf55723cKPUOGSmMY3g==",
					"requires": {
						"ms": "2.0.0"
					}
				}
			}
		},
		"@feathersjs/express": {
			"version": "1.2.5",
			"resolved": "https://registry.npmjs.org/@feathersjs/express/-/express-1.2.5.tgz",
			"integrity": "sha512-HnoIvp/f8vTPlanF7zkg0Sqk2ukrf58ck/P4t1z7JTT0SG3zqgmUAS7XemEx3ckfIvz9mFJMedz2hw8HdE1yKQ==",
			"dev": true,
			"requires": {
				"@feathersjs/commons": "^3.0.0",
				"@feathersjs/errors": "^3.3.2",
				"debug": "^3.1.0",
				"express": "^4.16.2",
				"uberproto": "^2.0.0"
			},
			"dependencies": {
				"debug": {
					"version": "3.1.0",
					"resolved": "https://registry.npmjs.org/debug/-/debug-3.1.0.tgz",
					"integrity": "sha512-OX8XqP7/1a9cqkxYw2yXss15f26NKWBpDXQd0/uK/KPqdQhxbPa994hnzjcE2VqQpDslf55723cKPUOGSmMY3g==",
					"dev": true,
					"requires": {
						"ms": "2.0.0"
					}
				}
			}
		},
		"@feathersjs/feathers": {
			"version": "3.2.1",
			"resolved": "https://registry.npmjs.org/@feathersjs/feathers/-/feathers-3.2.1.tgz",
			"integrity": "sha512-NX9YvKLg17H/2/PDS2YqhPAHskcSD2mcgyXRxcBi2zJSEjXRh+/gpAidaQzWF0SkwVsdq8ecasqRsHldS2GfxQ==",
			"dev": true,
			"requires": {
				"@feathersjs/commons": "^3.0.0",
				"debug": "^3.1.0",
				"events": "^3.0.0",
				"uberproto": "^2.0.2"
			},
			"dependencies": {
				"debug": {
					"version": "3.1.0",
					"resolved": "https://registry.npmjs.org/debug/-/debug-3.1.0.tgz",
					"integrity": "sha512-OX8XqP7/1a9cqkxYw2yXss15f26NKWBpDXQd0/uK/KPqdQhxbPa994hnzjcE2VqQpDslf55723cKPUOGSmMY3g==",
					"dev": true,
					"requires": {
						"ms": "2.0.0"
					}
				}
			}
		},
		"@feathersjs/socket-commons": {
			"version": "3.1.5",
			"resolved": "https://registry.npmjs.org/@feathersjs/socket-commons/-/socket-commons-3.1.5.tgz",
			"integrity": "sha512-cnMqVNGR0fOM00UqRmslmPiUZ2UKToTxesoGwZvhvq4unF032KzS4gz8bZ7qYsin9HmAP/E2gs2v0119CR7LKQ==",
			"dev": true,
			"requires": {
				"@feathersjs/errors": "^3.0.0",
				"debug": "^3.1.0",
				"lodash": "^4.17.4",
				"url-pattern": "^1.0.3"
			},
			"dependencies": {
				"debug": {
					"version": "3.1.0",
					"resolved": "https://registry.npmjs.org/debug/-/debug-3.1.0.tgz",
					"integrity": "sha512-OX8XqP7/1a9cqkxYw2yXss15f26NKWBpDXQd0/uK/KPqdQhxbPa994hnzjcE2VqQpDslf55723cKPUOGSmMY3g==",
					"dev": true,
					"requires": {
						"ms": "2.0.0"
					}
				}
			}
		},
		"@feathersjs/socketio": {
			"version": "3.2.4",
			"resolved": "https://registry.npmjs.org/@feathersjs/socketio/-/socketio-3.2.4.tgz",
			"integrity": "sha512-+icouEbD/wLl7Bc+SjiigmhwqjkWhJR2Uue65QILzAzxdo6GL01B+Eber1L61D0rCsOEYhjMM14J5uXnfXgfvQ==",
			"dev": true,
			"requires": {
				"@feathersjs/transport-commons": "^4.1.3",
				"debug": "^3.1.0",
				"socket.io": "^2.1.0",
				"uberproto": "^2.0.1"
			},
			"dependencies": {
				"debug": {
					"version": "3.1.0",
					"resolved": "https://registry.npmjs.org/debug/-/debug-3.1.0.tgz",
					"integrity": "sha512-OX8XqP7/1a9cqkxYw2yXss15f26NKWBpDXQd0/uK/KPqdQhxbPa994hnzjcE2VqQpDslf55723cKPUOGSmMY3g==",
					"dev": true,
					"requires": {
						"ms": "2.0.0"
					}
				}
			}
		},
		"@feathersjs/transport-commons": {
			"version": "4.1.3",
			"resolved": "https://registry.npmjs.org/@feathersjs/transport-commons/-/transport-commons-4.1.3.tgz",
			"integrity": "sha512-D4WzS6B5QO0oQ8VI9sjCk2qqqDa3QwPjkooweg6BOati9si+H67FZpsw4ns7oDhWbB4WVt6Gd33bIdB5gjUwkA==",
			"dev": true,
			"requires": {
				"@feathersjs/commons": "^3.0.0",
				"@feathersjs/errors": "^3.3.2",
				"debug": "^3.1.0",
				"lodash": "^4.17.10",
				"radix-router": "^3.0.1"
			},
			"dependencies": {
				"debug": {
					"version": "3.1.0",
					"resolved": "https://registry.npmjs.org/debug/-/debug-3.1.0.tgz",
					"integrity": "sha512-OX8XqP7/1a9cqkxYw2yXss15f26NKWBpDXQd0/uK/KPqdQhxbPa994hnzjcE2VqQpDslf55723cKPUOGSmMY3g==",
					"dev": true,
					"requires": {
						"ms": "2.0.0"
					}
				}
			}
		},
		"@sinonjs/commons": {
			"version": "1.0.2",
			"resolved": "https://registry.npmjs.org/@sinonjs/commons/-/commons-1.0.2.tgz",
			"integrity": "sha512-WR3dlgqJP4QNrLC4iXN/5/2WaLQQ0VijOOkmflqFGVJ6wLEpbSjo7c0ZeGIdtY8Crk7xBBp87sM6+Mkerz7alw==",
			"dev": true,
			"requires": {
				"type-detect": "4.0.8"
			}
		},
		"@sinonjs/formatio": {
			"version": "2.0.0",
			"resolved": "https://registry.npmjs.org/@sinonjs/formatio/-/formatio-2.0.0.tgz",
			"integrity": "sha512-ls6CAMA6/5gG+O/IdsBcblvnd8qcO/l1TYoNeAzp3wcISOxlPXQEus0mLcdwazEkWjaBdaJ3TaxmNgCLWwvWzg==",
			"dev": true,
			"requires": {
				"samsam": "1.3.0"
			}
		},
		"@sinonjs/samsam": {
			"version": "2.0.0",
			"resolved": "https://registry.npmjs.org/@sinonjs/samsam/-/samsam-2.0.0.tgz",
			"integrity": "sha512-D7VxhADdZbDJ0HjUTMnSQ5xIGb4H2yWpg8k9Sf1T08zfFiQYlaxM8LZydpR4FQ2E6LZJX8IlabNZ5io4vdChwg==",
			"dev": true
		},
		"accepts": {
			"version": "1.3.5",
			"resolved": "https://registry.npmjs.org/accepts/-/accepts-1.3.5.tgz",
			"integrity": "sha1-63d99gEXI6OxTopywIBcjoZ0a9I=",
			"dev": true,
			"requires": {
				"mime-types": "~2.1.18",
				"negotiator": "0.6.1"
			}
		},
		"after": {
			"version": "0.8.2",
			"resolved": "https://registry.npmjs.org/after/-/after-0.8.2.tgz",
			"integrity": "sha1-/ts5T58OAqqXaOcCvaI7UF+ufh8=",
			"dev": true
		},
		"array-flatten": {
			"version": "1.1.1",
			"resolved": "https://registry.npmjs.org/array-flatten/-/array-flatten-1.1.1.tgz",
			"integrity": "sha1-ml9pkFGx5wczKPKgCJaLZOopVdI=",
			"dev": true
		},
		"arraybuffer.slice": {
			"version": "0.0.7",
			"resolved": "https://registry.npmjs.org/arraybuffer.slice/-/arraybuffer.slice-0.0.7.tgz",
			"integrity": "sha512-wGUIVQXuehL5TCqQun8OW81jGzAWycqzFF8lFp+GOM5BXLYj3bKNsYC4daB7n6XjCqxQA/qgTJ+8ANR3acjrog==",
			"dev": true
		},
		"async-limiter": {
			"version": "1.0.0",
			"resolved": "https://registry.npmjs.org/async-limiter/-/async-limiter-1.0.0.tgz",
			"integrity": "sha512-jp/uFnooOiO+L211eZOoSyzpOITMXx1rBITauYykG3BRYPu8h0UcxsPNB04RR5vo4Tyz3+ay17tR6JVf9qzYWg==",
			"dev": true
		},
		"backo2": {
			"version": "1.0.2",
			"resolved": "https://registry.npmjs.org/backo2/-/backo2-1.0.2.tgz",
			"integrity": "sha1-MasayLEpNjRj41s+u2n038+6eUc=",
			"dev": true
		},
		"base64-arraybuffer": {
			"version": "0.1.5",
			"resolved": "https://registry.npmjs.org/base64-arraybuffer/-/base64-arraybuffer-0.1.5.tgz",
			"integrity": "sha1-c5JncZI7Whl0etZmqlzUv5xunOg=",
			"dev": true
		},
		"base64id": {
			"version": "1.0.0",
			"resolved": "https://registry.npmjs.org/base64id/-/base64id-1.0.0.tgz",
			"integrity": "sha1-R2iMuZu2gE8OBtPnY7HDLlfY5rY=",
			"dev": true
		},
		"better-assert": {
			"version": "1.0.2",
			"resolved": "https://registry.npmjs.org/better-assert/-/better-assert-1.0.2.tgz",
			"integrity": "sha1-QIZrnhueC1W0gYlDEeaPr/rrxSI=",
			"dev": true,
			"requires": {
				"callsite": "1.0.0"
			}
		},
		"blob": {
			"version": "0.0.4",
			"resolved": "https://registry.npmjs.org/blob/-/blob-0.0.4.tgz",
			"integrity": "sha1-vPEwUspURj8w+fx+lbmkdjCpSSE=",
			"dev": true
		},
		"body-parser": {
			"version": "1.18.3",
			"resolved": "https://registry.npmjs.org/body-parser/-/body-parser-1.18.3.tgz",
			"integrity": "sha1-WykhmP/dVTs6DyDe0FkrlWlVyLQ=",
			"dev": true,
			"requires": {
				"bytes": "3.0.0",
				"content-type": "~1.0.4",
				"debug": "2.6.9",
				"depd": "~1.1.2",
				"http-errors": "~1.6.3",
				"iconv-lite": "0.4.23",
				"on-finished": "~2.3.0",
				"qs": "6.5.2",
				"raw-body": "2.3.3",
				"type-is": "~1.6.16"
			},
			"dependencies": {
				"debug": {
					"version": "2.6.9",
					"resolved": "https://registry.npmjs.org/debug/-/debug-2.6.9.tgz",
					"integrity": "sha512-bC7ElrdJaJnPbAP+1EotYvqZsb3ecl5wi6Bfi6BJTUcNowp6cvspg0jXznRTKDjm/E7AdgFBVeAPVMNcKGsHMA==",
					"dev": true,
					"requires": {
						"ms": "2.0.0"
					}
				},
				"iconv-lite": {
					"version": "0.4.23",
					"resolved": "https://registry.npmjs.org/iconv-lite/-/iconv-lite-0.4.23.tgz",
					"integrity": "sha512-neyTUVFtahjf0mB3dZT77u+8O0QB89jFdnBkd5P1JgYPbPaia3gXXOVL2fq8VyU2gMMD7SaN7QukTB/pmXYvDA==",
					"dev": true,
					"requires": {
						"safer-buffer": ">= 2.1.2 < 3"
					}
				},
				"qs": {
					"version": "6.5.2",
					"resolved": "https://registry.npmjs.org/qs/-/qs-6.5.2.tgz",
					"integrity": "sha512-N5ZAX4/LxJmF+7wN74pUD6qAh9/wnvdQcjq9TZjevvXzSUo7bfmw91saqMjzGS2xq91/odN2dW/WOl7qQHNDGA==",
					"dev": true
				},
				"raw-body": {
					"version": "2.3.3",
					"resolved": "https://registry.npmjs.org/raw-body/-/raw-body-2.3.3.tgz",
					"integrity": "sha512-9esiElv1BrZoI3rCDuOuKCBRbuApGGaDPQfjSflGxdy4oyzqghxu6klEkkVIvBje+FF0BX9coEv8KqW6X/7njw==",
					"dev": true,
					"requires": {
						"bytes": "3.0.0",
						"http-errors": "1.6.3",
						"iconv-lite": "0.4.23",
						"unpipe": "1.0.0"
					}
				}
			}
		},
		"buffer-equal-constant-time": {
			"version": "1.0.1",
			"resolved": "https://registry.npmjs.org/buffer-equal-constant-time/-/buffer-equal-constant-time-1.0.1.tgz",
			"integrity": "sha1-+OcRMvf/5uAaXJaXpMbz5I1cyBk="
		},
		"bytes": {
			"version": "3.0.0",
			"resolved": "https://registry.npmjs.org/bytes/-/bytes-3.0.0.tgz",
			"integrity": "sha1-0ygVQE1olpn4Wk6k+odV3ROpYEg=",
			"dev": true
		},
		"callsite": {
			"version": "1.0.0",
			"resolved": "https://registry.npmjs.org/callsite/-/callsite-1.0.0.tgz",
			"integrity": "sha1-KAOY5dZkvXQDi28JBRU+borxvCA=",
			"dev": true
		},
		"chai": {
			"version": "4.1.2",
			"resolved": "https://registry.npmjs.org/chai/-/chai-4.1.2.tgz",
			"integrity": "sha1-D2RYS6ZC8PKs4oBiefTwbKI61zw=",
			"dev": true,
			"requires": {
				"assertion-error": "^1.0.1",
				"check-error": "^1.0.1",
				"deep-eql": "^3.0.0",
				"get-func-name": "^2.0.0",
				"pathval": "^1.0.0",
				"type-detect": "^4.0.0"
			},
			"dependencies": {
				"assertion-error": {
					"version": "1.1.0",
					"resolved": "https://registry.npmjs.org/assertion-error/-/assertion-error-1.1.0.tgz",
					"integrity": "sha512-jgsaNduz+ndvGyFt3uSuWqvy4lCnIJiovtouQN5JZHOKCS2QuhEdbcQHFhVksz2N2U9hXJo8odG7ETyWlEeuDw==",
					"dev": true
				},
				"check-error": {
					"version": "1.0.2",
					"resolved": "https://registry.npmjs.org/check-error/-/check-error-1.0.2.tgz",
					"integrity": "sha1-V00xLt2Iu13YkS6Sht1sCu1KrII=",
					"dev": true
				},
				"deep-eql": {
					"version": "3.0.1",
					"resolved": "https://registry.npmjs.org/deep-eql/-/deep-eql-3.0.1.tgz",
					"integrity": "sha512-+QeIQyN5ZuO+3Uk5DYh6/1eKO0m0YmJFGNmFHGACpf1ClL1nmlV/p4gNgbl2pJGxgXb4faqo6UE+M5ACEMyVcw==",
					"dev": true,
					"requires": {
						"type-detect": "^4.0.0"
					}
				},
				"get-func-name": {
					"version": "2.0.0",
					"resolved": "https://registry.npmjs.org/get-func-name/-/get-func-name-2.0.0.tgz",
					"integrity": "sha1-6td0q+5y4gQJQzoGY2YCPdaIekE=",
					"dev": true
				},
				"pathval": {
					"version": "1.1.0",
					"resolved": "https://registry.npmjs.org/pathval/-/pathval-1.1.0.tgz",
					"integrity": "sha1-uULm1L3mUwBe9rcTYd74cn0GReA=",
					"dev": true
				},
				"type-detect": {
					"version": "4.0.8",
					"resolved": "https://registry.npmjs.org/type-detect/-/type-detect-4.0.8.tgz",
					"integrity": "sha512-0fr/mIH1dlO+x7TlcMy+bIDqKPsw/70tVyeHW787goQjhmqaZe10uwLujubK9q9Lg6Fiho1KUKDYz0Z7k7g5/g==",
					"dev": true
				}
			}
		},
		"component-bind": {
			"version": "1.0.0",
			"resolved": "https://registry.npmjs.org/component-bind/-/component-bind-1.0.0.tgz",
			"integrity": "sha1-AMYIq33Nk4l8AAllGx06jh5zu9E=",
			"dev": true
		},
		"component-emitter": {
			"version": "1.2.1",
			"resolved": "https://registry.npmjs.org/component-emitter/-/component-emitter-1.2.1.tgz",
			"integrity": "sha1-E3kY1teCg/ffemt8WmPhQOaUJeY=",
			"dev": true
		},
		"component-inherit": {
			"version": "0.0.3",
			"resolved": "https://registry.npmjs.org/component-inherit/-/component-inherit-0.0.3.tgz",
			"integrity": "sha1-ZF/ErfWLcrZJ1crmUTVhnbJv8UM=",
			"dev": true
		},
		"content-disposition": {
			"version": "0.5.2",
			"resolved": "https://registry.npmjs.org/content-disposition/-/content-disposition-0.5.2.tgz",
			"integrity": "sha1-DPaLud318r55YcOoUXjLhdunjLQ=",
			"dev": true
		},
		"content-type": {
			"version": "1.0.4",
			"resolved": "https://registry.npmjs.org/content-type/-/content-type-1.0.4.tgz",
			"integrity": "sha512-hIP3EEPs8tB9AT1L+NUqtwOAps4mk2Zob89MWXMHjHWg9milF/j4osnnQLXBCBFBk/tvIG/tUc9mOUJiPBhPXA==",
			"dev": true
		},
		"cookie": {
			"version": "0.3.1",
			"resolved": "https://registry.npmjs.org/cookie/-/cookie-0.3.1.tgz",
			"integrity": "sha1-5+Ch+e9DtMi6klxcWpboBtFoc7s=",
			"dev": true
		},
		"cookie-signature": {
			"version": "1.0.6",
			"resolved": "https://registry.npmjs.org/cookie-signature/-/cookie-signature-1.0.6.tgz",
			"integrity": "sha1-4wOogrNCzD7oylE6eZmXNNqzriw=",
			"dev": true
		},
		"debug": {
			"version": "4.0.0",
			"resolved": "https://registry.npmjs.org/debug/-/debug-4.0.0.tgz",
			"integrity": "sha512-PlYAp+yaKUjcs6FIDv1G2kU9jh4+OOD7AniwnWEvdoeHSsi5X6vRNuI9MDZCl8YcF/aNsvuF5EDOjY/v90zdrg==",
			"requires": {
				"ms": "^2.1.1"
			},
			"dependencies": {
				"ms": {
					"version": "2.1.1",
					"resolved": "https://registry.npmjs.org/ms/-/ms-2.1.1.tgz",
					"integrity": "sha512-tgp+dl5cGk28utYktBsrFqA7HKgrhgPsg6Z/EfhWI4gl1Hwq8B/GmY/0oXZ6nF8hDVesS/FpnYaD/kOWhYQvyg=="
				}
			}
		},
		"depd": {
			"version": "1.1.2",
			"resolved": "https://registry.npmjs.org/depd/-/depd-1.1.2.tgz",
			"integrity": "sha1-m81S4UwJd2PnSbJ0xDRu0uVgtak=",
			"dev": true
		},
		"destroy": {
			"version": "1.0.4",
			"resolved": "https://registry.npmjs.org/destroy/-/destroy-1.0.4.tgz",
			"integrity": "sha1-l4hXRCxEdJ5CBmE+N5RiBYJqvYA=",
			"dev": true
		},
		"diff": {
			"version": "3.5.0",
			"resolved": "https://registry.npmjs.org/diff/-/diff-3.5.0.tgz",
			"integrity": "sha512-A46qtFgd+g7pDZinpnwiRJtxbC1hpgf0uzP3iG89scHk0AUC7A1TGxf5OiiOUv/JMZR8GOt8hL900hV0bOy5xA==",
			"dev": true
		},
		"ecdsa-sig-formatter": {
			"version": "1.0.10",
			"resolved": "https://registry.npmjs.org/ecdsa-sig-formatter/-/ecdsa-sig-formatter-1.0.10.tgz",
			"integrity": "sha1-HFlQAPBKiJffuFAAiSoPTDOvhsM=",
			"requires": {
				"safe-buffer": "^5.0.1"
			}
		},
		"ee-first": {
			"version": "1.1.1",
			"resolved": "https://registry.npmjs.org/ee-first/-/ee-first-1.1.1.tgz",
			"integrity": "sha1-WQxhFWsK4vTwJVcyoViyZrxWsh0=",
			"dev": true
		},
		"encodeurl": {
			"version": "1.0.2",
			"resolved": "https://registry.npmjs.org/encodeurl/-/encodeurl-1.0.2.tgz",
			"integrity": "sha1-rT/0yG7C0CkyL1oCw6mmBslbP1k=",
			"dev": true
		},
		"engine.io": {
			"version": "3.2.0",
			"resolved": "https://registry.npmjs.org/engine.io/-/engine.io-3.2.0.tgz",
			"integrity": "sha512-mRbgmAtQ4GAlKwuPnnAvXXwdPhEx+jkc0OBCLrXuD/CRvwNK3AxRSnqK4FSqmAMRRHryVJP8TopOvmEaA64fKw==",
			"dev": true,
			"requires": {
				"accepts": "~1.3.4",
				"base64id": "1.0.0",
				"cookie": "0.3.1",
				"debug": "~3.1.0",
				"engine.io-parser": "~2.1.0",
				"ws": "~3.3.1"
			},
			"dependencies": {
				"debug": {
					"version": "3.1.0",
					"resolved": "https://registry.npmjs.org/debug/-/debug-3.1.0.tgz",
					"integrity": "sha512-OX8XqP7/1a9cqkxYw2yXss15f26NKWBpDXQd0/uK/KPqdQhxbPa994hnzjcE2VqQpDslf55723cKPUOGSmMY3g==",
					"dev": true,
					"requires": {
						"ms": "2.0.0"
					}
				}
			}
		},
		"engine.io-client": {
			"version": "3.2.1",
			"resolved": "https://registry.npmjs.org/engine.io-client/-/engine.io-client-3.2.1.tgz",
			"integrity": "sha512-y5AbkytWeM4jQr7m/koQLc5AxpRKC1hEVUb/s1FUAWEJq5AzJJ4NLvzuKPuxtDi5Mq755WuDvZ6Iv2rXj4PTzw==",
			"dev": true,
			"requires": {
				"component-emitter": "1.2.1",
				"component-inherit": "0.0.3",
				"debug": "~3.1.0",
				"engine.io-parser": "~2.1.1",
				"has-cors": "1.1.0",
				"indexof": "0.0.1",
				"parseqs": "0.0.5",
				"parseuri": "0.0.5",
				"ws": "~3.3.1",
				"xmlhttprequest-ssl": "~1.5.4",
				"yeast": "0.1.2"
			},
			"dependencies": {
				"debug": {
					"version": "3.1.0",
					"resolved": "https://registry.npmjs.org/debug/-/debug-3.1.0.tgz",
					"integrity": "sha512-OX8XqP7/1a9cqkxYw2yXss15f26NKWBpDXQd0/uK/KPqdQhxbPa994hnzjcE2VqQpDslf55723cKPUOGSmMY3g==",
					"dev": true,
					"requires": {
						"ms": "2.0.0"
					}
				}
			}
		},
		"engine.io-parser": {
			"version": "2.1.2",
			"resolved": "https://registry.npmjs.org/engine.io-parser/-/engine.io-parser-2.1.2.tgz",
			"integrity": "sha512-dInLFzr80RijZ1rGpx1+56/uFoH7/7InhH3kZt+Ms6hT8tNx3NGW/WNSA/f8As1WkOfkuyb3tnRyuXGxusclMw==",
			"dev": true,
			"requires": {
				"after": "0.8.2",
				"arraybuffer.slice": "~0.0.7",
				"base64-arraybuffer": "0.1.5",
				"blob": "0.0.4",
				"has-binary2": "~1.0.2"
			}
		},
		"escape-html": {
			"version": "1.0.3",
			"resolved": "https://registry.npmjs.org/escape-html/-/escape-html-1.0.3.tgz",
			"integrity": "sha1-Aljq5NPQwJdN4cFpGI7wBR0dGYg=",
			"dev": true
		},
		"etag": {
			"version": "1.8.1",
			"resolved": "https://registry.npmjs.org/etag/-/etag-1.8.1.tgz",
			"integrity": "sha1-Qa4u62XvpiJorr/qg6x9eSmbCIc=",
			"dev": true
		},
		"events": {
			"version": "3.0.0",
			"resolved": "https://registry.npmjs.org/events/-/events-3.0.0.tgz",
			"integrity": "sha512-Dc381HFWJzEOhQ+d8pkNon++bk9h6cdAoAj4iE6Q4y6xgTzySWXlKn05/TVNpjnfRqi/X0EpJEJohPjNI3zpVA==",
			"dev": true
		},
		"express": {
			"version": "4.16.3",
			"resolved": "http://registry.npmjs.org/express/-/express-4.16.3.tgz",
			"integrity": "sha1-avilAjUNsyRuzEvs9rWjTSL37VM=",
			"dev": true,
			"requires": {
				"accepts": "~1.3.5",
				"array-flatten": "1.1.1",
				"body-parser": "1.18.2",
				"content-disposition": "0.5.2",
				"content-type": "~1.0.4",
				"cookie": "0.3.1",
				"cookie-signature": "1.0.6",
				"debug": "2.6.9",
				"depd": "~1.1.2",
				"encodeurl": "~1.0.2",
				"escape-html": "~1.0.3",
				"etag": "~1.8.1",
				"finalhandler": "1.1.1",
				"fresh": "0.5.2",
				"merge-descriptors": "1.0.1",
				"methods": "~1.1.2",
				"on-finished": "~2.3.0",
				"parseurl": "~1.3.2",
				"path-to-regexp": "0.1.7",
				"proxy-addr": "~2.0.3",
				"qs": "6.5.1",
				"range-parser": "~1.2.0",
				"safe-buffer": "5.1.1",
				"send": "0.16.2",
				"serve-static": "1.13.2",
				"setprototypeof": "1.1.0",
				"statuses": "~1.4.0",
				"type-is": "~1.6.16",
				"utils-merge": "1.0.1",
				"vary": "~1.1.2"
			},
			"dependencies": {
				"body-parser": {
					"version": "1.18.2",
					"resolved": "https://registry.npmjs.org/body-parser/-/body-parser-1.18.2.tgz",
					"integrity": "sha1-h2eKGdhLR9hZuDGZvVm84iKxBFQ=",
					"dev": true,
					"requires": {
						"bytes": "3.0.0",
						"content-type": "~1.0.4",
						"debug": "2.6.9",
						"depd": "~1.1.1",
						"http-errors": "~1.6.2",
						"iconv-lite": "0.4.19",
						"on-finished": "~2.3.0",
						"qs": "6.5.1",
						"raw-body": "2.3.2",
						"type-is": "~1.6.15"
					}
				},
				"debug": {
					"version": "2.6.9",
					"resolved": "https://registry.npmjs.org/debug/-/debug-2.6.9.tgz",
					"integrity": "sha512-bC7ElrdJaJnPbAP+1EotYvqZsb3ecl5wi6Bfi6BJTUcNowp6cvspg0jXznRTKDjm/E7AdgFBVeAPVMNcKGsHMA==",
					"dev": true,
					"requires": {
						"ms": "2.0.0"
					}
				},
				"safe-buffer": {
					"version": "5.1.1",
					"resolved": "https://registry.npmjs.org/safe-buffer/-/safe-buffer-5.1.1.tgz",
					"integrity": "sha512-kKvNJn6Mm93gAczWVJg7wH+wGYWNrDHdWvpUmHyEsgCtIwwo3bqPtV4tR5tuPaUhTOo/kvhVwd8XwwOllGYkbg==",
					"dev": true
				}
			}
		},
		"feathers-memory": {
			"version": "2.2.0",
			"resolved": "https://registry.npmjs.org/feathers-memory/-/feathers-memory-2.2.0.tgz",
			"integrity": "sha512-rkx6oKBMbQbqtXUCS8GfC9wRubcNNBD0cHIU7Mesyg1Wsk0Dm7JftqrLz0fax1R1j2VMmMM8EZXuljhdtfdGLw==",
			"dev": true,
			"requires": {
				"@feathersjs/commons": "^1.3.0",
				"@feathersjs/errors": "^3.2.0",
				"sift": "^6.0.0",
				"uberproto": "^2.0.1"
			},
			"dependencies": {
				"@feathersjs/commons": {
					"version": "1.4.4",
					"resolved": "https://registry.npmjs.org/@feathersjs/commons/-/commons-1.4.4.tgz",
					"integrity": "sha512-ZPpzyZA3CPfoa9AuFv3BJUI/ubzaaXixp8T/pqeMFPT6DOaU/6oF7lz1RxwimzfJNna4gy/HByt0EoLSI3BKWg==",
					"dev": true
				}
			}
		},
		"finalhandler": {
			"version": "1.1.1",
			"resolved": "https://registry.npmjs.org/finalhandler/-/finalhandler-1.1.1.tgz",
			"integrity": "sha512-Y1GUDo39ez4aHAw7MysnUD5JzYX+WaIj8I57kO3aEPT1fFRL4sr7mjei97FgnwhAyyzRYmQZaTHb2+9uZ1dPtg==",
			"dev": true,
			"requires": {
				"debug": "2.6.9",
				"encodeurl": "~1.0.2",
				"escape-html": "~1.0.3",
				"on-finished": "~2.3.0",
				"parseurl": "~1.3.2",
				"statuses": "~1.4.0",
				"unpipe": "~1.0.0"
			},
			"dependencies": {
				"debug": {
					"version": "2.6.9",
					"resolved": "https://registry.npmjs.org/debug/-/debug-2.6.9.tgz",
					"integrity": "sha512-bC7ElrdJaJnPbAP+1EotYvqZsb3ecl5wi6Bfi6BJTUcNowp6cvspg0jXznRTKDjm/E7AdgFBVeAPVMNcKGsHMA==",
					"dev": true,
					"requires": {
						"ms": "2.0.0"
					}
				}
			}
		},
		"forwarded": {
			"version": "0.1.2",
			"resolved": "https://registry.npmjs.org/forwarded/-/forwarded-0.1.2.tgz",
			"integrity": "sha1-mMI9qxF1ZXuMBXPozszZGw/xjIQ=",
			"dev": true
		},
		"fresh": {
			"version": "0.5.2",
			"resolved": "https://registry.npmjs.org/fresh/-/fresh-0.5.2.tgz",
			"integrity": "sha1-PYyt2Q2XZWn6g1qx+OSyOhBWBac=",
			"dev": true
		},
		"has-binary2": {
			"version": "1.0.3",
			"resolved": "https://registry.npmjs.org/has-binary2/-/has-binary2-1.0.3.tgz",
			"integrity": "sha512-G1LWKhDSvhGeAQ8mPVQlqNcOB2sJdwATtZKl2pDKKHfpf/rYj24lkinxf69blJbnsvtqqNU+L3SL50vzZhXOnw==",
			"dev": true,
			"requires": {
				"isarray": "2.0.1"
			}
		},
		"has-cors": {
			"version": "1.1.0",
			"resolved": "https://registry.npmjs.org/has-cors/-/has-cors-1.1.0.tgz",
			"integrity": "sha1-XkdHk/fqmEPRu5nCPu9J/xJv/zk=",
			"dev": true
		},
		"has-flag": {
			"version": "3.0.0",
			"resolved": "https://registry.npmjs.org/has-flag/-/has-flag-3.0.0.tgz",
			"integrity": "sha1-tdRU3CGZriJWmfNGfloH87lVuv0=",
			"dev": true
		},
		"http-errors": {
			"version": "1.6.3",
			"resolved": "http://registry.npmjs.org/http-errors/-/http-errors-1.6.3.tgz",
			"integrity": "sha1-i1VoC7S+KDoLW/TqLjhYC+HZMg0=",
			"dev": true,
			"requires": {
				"depd": "~1.1.2",
				"inherits": "2.0.3",
				"setprototypeof": "1.1.0",
				"statuses": ">= 1.4.0 < 2"
			}
		},
		"iconv-lite": {
			"version": "0.4.19",
			"resolved": "https://registry.npmjs.org/iconv-lite/-/iconv-lite-0.4.19.tgz",
			"integrity": "sha512-oTZqweIP51xaGPI4uPa56/Pri/480R+mo7SeU+YETByQNhDG55ycFyNLIgta9vXhILrxXDmF7ZGhqZIcuN0gJQ==",
			"dev": true
		},
		"indexof": {
			"version": "0.0.1",
			"resolved": "https://registry.npmjs.org/indexof/-/indexof-0.0.1.tgz",
			"integrity": "sha1-gtwzbSMrkGIXnQWrMpOmYFn9Q10=",
			"dev": true
		},
		"inherits": {
			"version": "2.0.3",
			"resolved": "https://registry.npmjs.org/inherits/-/inherits-2.0.3.tgz",
			"integrity": "sha1-Yzwsg+PaQqUC9SRmAiSA9CCCYd4=",
			"dev": true
		},
		"ipaddr.js": {
			"version": "1.8.0",
			"resolved": "https://registry.npmjs.org/ipaddr.js/-/ipaddr.js-1.8.0.tgz",
			"integrity": "sha1-6qM9bd16zo9/b+DJygRA5wZzix4=",
			"dev": true
		},
		"isarray": {
			"version": "2.0.1",
			"resolved": "https://registry.npmjs.org/isarray/-/isarray-2.0.1.tgz",
			"integrity": "sha1-o32U7ZzaLVmGXJ92/llu4fM4dB4=",
			"dev": true
		},
		"jsonwebtoken": {
			"version": "8.3.0",
			"resolved": "https://registry.npmjs.org/jsonwebtoken/-/jsonwebtoken-8.3.0.tgz",
			"integrity": "sha512-oge/hvlmeJCH+iIz1DwcO7vKPkNGJHhgkspk8OH3VKlw+mbi42WtD4ig1+VXRln765vxptAv+xT26Fd3cteqag==",
			"requires": {
				"jws": "^3.1.5",
				"lodash.includes": "^4.3.0",
				"lodash.isboolean": "^3.0.3",
				"lodash.isinteger": "^4.0.4",
				"lodash.isnumber": "^3.0.3",
				"lodash.isplainobject": "^4.0.6",
				"lodash.isstring": "^4.0.1",
				"lodash.once": "^4.0.0",
				"ms": "^2.1.1"
			},
			"dependencies": {
				"ms": {
					"version": "2.1.1",
					"resolved": "https://registry.npmjs.org/ms/-/ms-2.1.1.tgz",
					"integrity": "sha512-tgp+dl5cGk28utYktBsrFqA7HKgrhgPsg6Z/EfhWI4gl1Hwq8B/GmY/0oXZ6nF8hDVesS/FpnYaD/kOWhYQvyg=="
				}
			}
		},
		"just-extend": {
			"version": "3.0.0",
			"resolved": "https://registry.npmjs.org/just-extend/-/just-extend-3.0.0.tgz",
			"integrity": "sha512-Fu3T6pKBuxjWT/p4DkqGHFRsysc8OauWr4ZRTY9dIx07Y9O0RkoR5jcv28aeD1vuAwhm3nLkDurwLXoALp4DpQ==",
			"dev": true
		},
		"jwa": {
			"version": "1.1.6",
			"resolved": "https://registry.npmjs.org/jwa/-/jwa-1.1.6.tgz",
			"integrity": "sha512-tBO/cf++BUsJkYql/kBbJroKOgHWEigTKBAjjBEmrMGYd1QMBC74Hr4Wo2zCZw6ZrVhlJPvoMrkcOnlWR/DJfw==",
			"requires": {
				"buffer-equal-constant-time": "1.0.1",
				"ecdsa-sig-formatter": "1.0.10",
				"safe-buffer": "^5.0.1"
			}
		},
		"jws": {
			"version": "3.1.5",
			"resolved": "https://registry.npmjs.org/jws/-/jws-3.1.5.tgz",
			"integrity": "sha512-GsCSexFADNQUr8T5HPJvayTjvPIfoyJPtLQBwn5a4WZQchcrPMPMAWcC1AzJVRDKyD6ZPROPAxgv6rfHViO4uQ==",
			"requires": {
				"jwa": "^1.1.5",
				"safe-buffer": "^5.0.1"
			}
		},
		"lodash": {
			"version": "4.17.10",
			"resolved": "https://registry.npmjs.org/lodash/-/lodash-4.17.10.tgz",
			"integrity": "sha512-UejweD1pDoXu+AD825lWwp4ZGtSwgnpZxb3JDViD7StjQz+Nb/6l093lx4OQ0foGWNRoc19mWy7BzL+UAK2iVg==",
			"dev": true
		},
		"lodash.clone": {
			"version": "4.5.0",
			"resolved": "https://registry.npmjs.org/lodash.clone/-/lodash.clone-4.5.0.tgz",
			"integrity": "sha1-GVhwRQ9aExkkeN9Lw9I9LeoZB7Y=",
			"dev": true
		},
		"lodash.get": {
			"version": "4.4.2",
			"resolved": "https://registry.npmjs.org/lodash.get/-/lodash.get-4.4.2.tgz",
			"integrity": "sha1-LRd/ZS+jHpObRDjVNBSZ36OCXpk=",
			"dev": true
		},
		"lodash.includes": {
			"version": "4.3.0",
			"resolved": "https://registry.npmjs.org/lodash.includes/-/lodash.includes-4.3.0.tgz",
			"integrity": "sha1-YLuYqHy5I8aMoeUTJUgzFISfVT8="
		},
		"lodash.isboolean": {
			"version": "3.0.3",
			"resolved": "https://registry.npmjs.org/lodash.isboolean/-/lodash.isboolean-3.0.3.tgz",
			"integrity": "sha1-bC4XHbKiV82WgC/UOwGyDV9YcPY="
		},
		"lodash.isinteger": {
			"version": "4.0.4",
			"resolved": "https://registry.npmjs.org/lodash.isinteger/-/lodash.isinteger-4.0.4.tgz",
			"integrity": "sha1-YZwK89A/iwTDH1iChAt3sRzWg0M="
		},
		"lodash.isnumber": {
			"version": "3.0.3",
			"resolved": "https://registry.npmjs.org/lodash.isnumber/-/lodash.isnumber-3.0.3.tgz",
			"integrity": "sha1-POdoEMWSjQM1IwGsKHMX8RwLH/w="
		},
		"lodash.isplainobject": {
			"version": "4.0.6",
			"resolved": "https://registry.npmjs.org/lodash.isplainobject/-/lodash.isplainobject-4.0.6.tgz",
			"integrity": "sha1-fFJqUtibRcRcxpC4gWO+BJf1UMs="
		},
		"lodash.isstring": {
			"version": "4.0.1",
			"resolved": "https://registry.npmjs.org/lodash.isstring/-/lodash.isstring-4.0.1.tgz",
			"integrity": "sha1-1SfftUVuynzJu5XV2ur4i6VKVFE="
		},
		"lodash.merge": {
			"version": "4.6.1",
			"resolved": "https://registry.npmjs.org/lodash.merge/-/lodash.merge-4.6.1.tgz",
			"integrity": "sha512-AOYza4+Hf5z1/0Hztxpm2/xiPZgi/cjMqdnKTUWTBSKchJlxXXuUSxCCl8rJlf4g6yww/j6mA8nC8Hw/EZWxKQ=="
		},
		"lodash.omit": {
			"version": "4.5.0",
			"resolved": "https://registry.npmjs.org/lodash.omit/-/lodash.omit-4.5.0.tgz",
			"integrity": "sha1-brGa5aHuHdnfC5aeZs4Lf6MLXmA="
		},
		"lodash.once": {
			"version": "4.1.1",
			"resolved": "https://registry.npmjs.org/lodash.once/-/lodash.once-4.1.1.tgz",
			"integrity": "sha1-DdOXEhPHxW34gJd9UEyI+0cal6w="
		},
		"lodash.pick": {
			"version": "4.4.0",
			"resolved": "https://registry.npmjs.org/lodash.pick/-/lodash.pick-4.4.0.tgz",
			"integrity": "sha1-UvBWEP/53tQiYRRB7R/BI6AwAbM="
		},
		"lolex": {
			"version": "2.7.4",
			"resolved": "https://registry.npmjs.org/lolex/-/lolex-2.7.4.tgz",
			"integrity": "sha512-Gh6Vffq/piTeHwunLNFR1jFVaqlwK9GMNUxFcsO1cwHyvbRKHwX8UDkxmrDnbcPdHNmpv7z2kxtkkSx5xkNpMw==",
			"dev": true
		},
		"long-timeout": {
			"version": "0.1.1",
			"resolved": "https://registry.npmjs.org/long-timeout/-/long-timeout-0.1.1.tgz",
			"integrity": "sha1-lyHXiLR+C8taJMLivuGg2lXatRQ=",
			"dev": true
		},
		"media-typer": {
			"version": "0.3.0",
			"resolved": "https://registry.npmjs.org/media-typer/-/media-typer-0.3.0.tgz",
			"integrity": "sha1-hxDXrwqmJvj/+hzgAWhUUmMlV0g=",
			"dev": true
		},
		"merge-descriptors": {
			"version": "1.0.1",
			"resolved": "https://registry.npmjs.org/merge-descriptors/-/merge-descriptors-1.0.1.tgz",
			"integrity": "sha1-sAqqVW3YtEVoFQ7J0blT8/kMu2E=",
			"dev": true
		},
		"methods": {
			"version": "1.1.2",
			"resolved": "https://registry.npmjs.org/methods/-/methods-1.1.2.tgz",
			"integrity": "sha1-VSmk1nZUE07cxSZmVoNbD4Ua/O4=",
			"dev": true
		},
		"mime": {
			"version": "1.4.1",
			"resolved": "https://registry.npmjs.org/mime/-/mime-1.4.1.tgz",
			"integrity": "sha512-KI1+qOZu5DcW6wayYHSzR/tXKCDC5Om4s1z2QJjDULzLcmf3DvzS7oluY4HCTrc+9FiKmWUgeNLg7W3uIQvxtQ==",
			"dev": true
		},
		"mime-db": {
			"version": "1.36.0",
			"resolved": "https://registry.npmjs.org/mime-db/-/mime-db-1.36.0.tgz",
			"integrity": "sha512-L+xvyD9MkoYMXb1jAmzI/lWYAxAMCPvIBSWur0PZ5nOf5euahRLVqH//FKW9mWp2lkqUgYiXPgkzfMUFi4zVDw==",
			"dev": true
		},
		"mime-types": {
			"version": "2.1.20",
			"resolved": "https://registry.npmjs.org/mime-types/-/mime-types-2.1.20.tgz",
			"integrity": "sha512-HrkrPaP9vGuWbLK1B1FfgAkbqNjIuy4eHlIYnFi7kamZyLLrGlo2mpcx0bBmNpKqBtYtAfGbodDddIgddSJC2A==",
			"dev": true,
			"requires": {
				"mime-db": "~1.36.0"
			}
		},
		"ms": {
			"version": "2.0.0",
			"resolved": "https://registry.npmjs.org/ms/-/ms-2.0.0.tgz",
			"integrity": "sha1-VgiurfwAvmwpAd9fmGF4jeDVl8g="
		},
		"negotiator": {
			"version": "0.6.1",
			"resolved": "https://registry.npmjs.org/negotiator/-/negotiator-0.6.1.tgz",
			"integrity": "sha1-KzJxhOiZIQEXeyhWP7XnECrNDKk=",
			"dev": true
		},
		"nise": {
			"version": "1.4.4",
			"resolved": "https://registry.npmjs.org/nise/-/nise-1.4.4.tgz",
			"integrity": "sha512-pxE0c9PzgrUTyhfv5p+5eMIdfU2bLEsq8VQEuE0kxM4zP7SujSar7rk9wpI2F7RyyCEvLyj5O7Is3RER5F36Fg==",
			"dev": true,
			"requires": {
				"@sinonjs/formatio": "^2.0.0",
				"just-extend": "^3.0.0",
				"lolex": "^2.3.2",
				"path-to-regexp": "^1.7.0",
				"text-encoding": "^0.6.4"
			},
			"dependencies": {
				"isarray": {
					"version": "0.0.1",
					"resolved": "https://registry.npmjs.org/isarray/-/isarray-0.0.1.tgz",
					"integrity": "sha1-ihis/Kmo9Bd+Cav8YDiTmwXR7t8=",
					"dev": true
				},
				"path-to-regexp": {
					"version": "1.7.0",
					"resolved": "https://registry.npmjs.org/path-to-regexp/-/path-to-regexp-1.7.0.tgz",
					"integrity": "sha1-Wf3g9DW62suhA6hOnTvGTpa5k30=",
					"dev": true,
					"requires": {
						"isarray": "0.0.1"
					}
				}
			}
		},
		"object-component": {
			"version": "0.0.3",
			"resolved": "https://registry.npmjs.org/object-component/-/object-component-0.0.3.tgz",
			"integrity": "sha1-8MaapQ78lbhmwYb0AKM3acsvEpE=",
			"dev": true
		},
		"on-finished": {
			"version": "2.3.0",
			"resolved": "https://registry.npmjs.org/on-finished/-/on-finished-2.3.0.tgz",
			"integrity": "sha1-IPEzZIGwg811M3mSoWlxqi2QaUc=",
			"dev": true,
			"requires": {
				"ee-first": "1.1.1"
			}
		},
		"parseqs": {
			"version": "0.0.5",
			"resolved": "https://registry.npmjs.org/parseqs/-/parseqs-0.0.5.tgz",
			"integrity": "sha1-1SCKNzjkZ2bikbouoXNoSSGouJ0=",
			"dev": true,
			"requires": {
				"better-assert": "~1.0.0"
			}
		},
		"parseuri": {
			"version": "0.0.5",
			"resolved": "https://registry.npmjs.org/parseuri/-/parseuri-0.0.5.tgz",
			"integrity": "sha1-gCBKUNTbt3m/3G6+J3jZDkvOMgo=",
			"dev": true,
			"requires": {
				"better-assert": "~1.0.0"
			}
		},
		"parseurl": {
			"version": "1.3.2",
			"resolved": "https://registry.npmjs.org/parseurl/-/parseurl-1.3.2.tgz",
			"integrity": "sha1-/CidTtiZMRlGDBViUyYs3I3mW/M=",
			"dev": true
		},
		"passport": {
			"version": "0.4.0",
			"resolved": "https://registry.npmjs.org/passport/-/passport-0.4.0.tgz",
			"integrity": "sha1-xQlWkTR71a07XhgCOMORTRbwWBE=",
			"dev": true,
			"requires": {
				"passport-strategy": "1.x.x",
				"pause": "0.0.1"
			}
		},
		"passport-jwt": {
			"version": "4.0.0",
			"resolved": "https://registry.npmjs.org/passport-jwt/-/passport-jwt-4.0.0.tgz",
			"integrity": "sha512-BwC0n2GP/1hMVjR4QpnvqA61TxenUMlmfNjYNgK0ZAs0HK4SOQkHcSv4L328blNTLtHq7DbmvyNJiH+bn6C5Mg==",
			"requires": {
				"jsonwebtoken": "^8.2.0",
				"passport-strategy": "^1.0.0"
			}
		},
		"passport-strategy": {
			"version": "1.0.0",
			"resolved": "https://registry.npmjs.org/passport-strategy/-/passport-strategy-1.0.0.tgz",
			"integrity": "sha1-tVOaqPwiWj0a0XlHbd8ja0QPUuQ="
		},
		"path-to-regexp": {
			"version": "0.1.7",
			"resolved": "https://registry.npmjs.org/path-to-regexp/-/path-to-regexp-0.1.7.tgz",
			"integrity": "sha1-32BBeABfUi8V60SQ5yR6G/qmf4w=",
			"dev": true
		},
		"pause": {
			"version": "0.0.1",
			"resolved": "https://registry.npmjs.org/pause/-/pause-0.0.1.tgz",
			"integrity": "sha1-HUCLP9t2kjuVQ9lvtMnf1TXZy10=",
			"dev": true
		},
		"proxy-addr": {
			"version": "2.0.4",
			"resolved": "https://registry.npmjs.org/proxy-addr/-/proxy-addr-2.0.4.tgz",
			"integrity": "sha512-5erio2h9jp5CHGwcybmxmVqHmnCBZeewlfJ0pex+UW7Qny7OOZXTtH56TGNyBizkgiOwhJtMKrVzDTeKcySZwA==",
			"dev": true,
			"requires": {
				"forwarded": "~0.1.2",
				"ipaddr.js": "1.8.0"
			}
		},
		"qs": {
			"version": "6.5.1",
			"resolved": "https://registry.npmjs.org/qs/-/qs-6.5.1.tgz",
			"integrity": "sha512-eRzhrN1WSINYCDCbrz796z37LOe3m5tmW7RQf6oBntukAG1nmovJvhnwHHRMAfeoItc1m2Hk02WER2aQ/iqs+A==",
			"dev": true
		},
		"radix-router": {
			"version": "3.0.1",
			"resolved": "https://registry.npmjs.org/radix-router/-/radix-router-3.0.1.tgz",
			"integrity": "sha512-jpHXHgP+ZmVzEfmZ7WVRSvc/EqMoAqYuMtBsHd9s47Hs9Iy8FDJhkweMrDH0wmdxanLzVIWhq0UpomLXNpW8tg==",
			"dev": true
		},
		"range-parser": {
			"version": "1.2.0",
			"resolved": "https://registry.npmjs.org/range-parser/-/range-parser-1.2.0.tgz",
			"integrity": "sha1-9JvmtIeJTdxA3MlKMi9hEJLgDV4=",
			"dev": true
		},
		"raw-body": {
			"version": "2.3.2",
			"resolved": "https://registry.npmjs.org/raw-body/-/raw-body-2.3.2.tgz",
			"integrity": "sha1-vNYMd9Prk83gBQKVw/N5OJvIj4k=",
			"dev": true,
			"requires": {
				"bytes": "3.0.0",
				"http-errors": "1.6.2",
				"iconv-lite": "0.4.19",
				"unpipe": "1.0.0"
			},
			"dependencies": {
				"depd": {
					"version": "1.1.1",
					"resolved": "https://registry.npmjs.org/depd/-/depd-1.1.1.tgz",
					"integrity": "sha1-V4O04cRZ8G+lyif5kfPQbnoxA1k=",
					"dev": true
				},
				"http-errors": {
					"version": "1.6.2",
					"resolved": "https://registry.npmjs.org/http-errors/-/http-errors-1.6.2.tgz",
					"integrity": "sha1-CgAsyFcHGSp+eUbO7cERVfYOxzY=",
					"dev": true,
					"requires": {
						"depd": "1.1.1",
						"inherits": "2.0.3",
						"setprototypeof": "1.0.3",
						"statuses": ">= 1.3.1 < 2"
					}
				},
				"setprototypeof": {
					"version": "1.0.3",
					"resolved": "https://registry.npmjs.org/setprototypeof/-/setprototypeof-1.0.3.tgz",
					"integrity": "sha1-ZlZ+NwQ+608E2RvWWMDL77VbjgQ=",
					"dev": true
				}
			}
		},
		"safe-buffer": {
			"version": "5.1.2",
			"resolved": "https://registry.npmjs.org/safe-buffer/-/safe-buffer-5.1.2.tgz",
			"integrity": "sha512-Gd2UZBJDkXlY7GbJxfsE8/nvKkUEU1G38c1siN6QP6a9PT9MmHB8GnpscSmMJSoF8LOIrt8ud/wPtojys4G6+g=="
		},
		"safer-buffer": {
			"version": "2.1.2",
			"resolved": "https://registry.npmjs.org/safer-buffer/-/safer-buffer-2.1.2.tgz",
			"integrity": "sha512-YZo3K82SD7Riyi0E1EQPojLz7kpepnSQI9IyPbHHg1XXXevb5dJI7tpyN2ADxGcQbHG7vcyRHk0cbwqcQriUtg==",
			"dev": true
		},
		"samsam": {
			"version": "1.3.0",
			"resolved": "https://registry.npmjs.org/samsam/-/samsam-1.3.0.tgz",
			"integrity": "sha512-1HwIYD/8UlOtFS3QO3w7ey+SdSDFE4HRNLZoZRYVQefrOY3l17epswImeB1ijgJFQJodIaHcwkp3r/myBjFVbg==",
			"dev": true
		},
		"send": {
			"version": "0.16.2",
			"resolved": "https://registry.npmjs.org/send/-/send-0.16.2.tgz",
			"integrity": "sha512-E64YFPUssFHEFBvpbbjr44NCLtI1AohxQ8ZSiJjQLskAdKuriYEP6VyGEsRDH8ScozGpkaX1BGvhanqCwkcEZw==",
			"dev": true,
			"requires": {
				"debug": "2.6.9",
				"depd": "~1.1.2",
				"destroy": "~1.0.4",
				"encodeurl": "~1.0.2",
				"escape-html": "~1.0.3",
				"etag": "~1.8.1",
				"fresh": "0.5.2",
				"http-errors": "~1.6.2",
				"mime": "1.4.1",
				"ms": "2.0.0",
				"on-finished": "~2.3.0",
				"range-parser": "~1.2.0",
				"statuses": "~1.4.0"
			},
			"dependencies": {
				"debug": {
					"version": "2.6.9",
					"resolved": "https://registry.npmjs.org/debug/-/debug-2.6.9.tgz",
					"integrity": "sha512-bC7ElrdJaJnPbAP+1EotYvqZsb3ecl5wi6Bfi6BJTUcNowp6cvspg0jXznRTKDjm/E7AdgFBVeAPVMNcKGsHMA==",
					"dev": true,
					"requires": {
						"ms": "2.0.0"
					}
				}
			}
		},
		"serve-static": {
			"version": "1.13.2",
			"resolved": "https://registry.npmjs.org/serve-static/-/serve-static-1.13.2.tgz",
			"integrity": "sha512-p/tdJrO4U387R9oMjb1oj7qSMaMfmOyd4j9hOFoxZe2baQszgHcSWjuya/CiT5kgZZKRudHNOA0pYXOl8rQ5nw==",
			"dev": true,
			"requires": {
				"encodeurl": "~1.0.2",
				"escape-html": "~1.0.3",
				"parseurl": "~1.3.2",
				"send": "0.16.2"
			}
		},
		"setprototypeof": {
			"version": "1.1.0",
			"resolved": "https://registry.npmjs.org/setprototypeof/-/setprototypeof-1.1.0.tgz",
			"integrity": "sha512-BvE/TwpZX4FXExxOxZyRGQQv651MSwmWKZGqvmPcRIjDqWub67kTKuIMx43cZZrS/cBBzwBcNDWoFxt2XEFIpQ==",
			"dev": true
		},
		"sift": {
			"version": "6.0.0",
			"resolved": "https://registry.npmjs.org/sift/-/sift-6.0.0.tgz",
			"integrity": "sha1-+Tp3jly/BaUCTrw5HmsyURptH4I=",
			"dev": true
		},
		"sinon": {
			"version": "6.2.0",
			"resolved": "https://registry.npmjs.org/sinon/-/sinon-6.2.0.tgz",
			"integrity": "sha512-gLFZz5UYvOhYzQ+DBzw/OCkmWaLAHlAyQiE2wxUOmAGVdasP9Yw93E+OwZ0UuhW3ReMu1FKniuNsL6VukvC77w==",
			"dev": true,
			"requires": {
				"@sinonjs/commons": "^1.0.2",
				"@sinonjs/formatio": "^2.0.0",
				"@sinonjs/samsam": "^2.0.0",
				"diff": "^3.5.0",
				"lodash.get": "^4.4.2",
				"lolex": "^2.7.2",
				"nise": "^1.4.4",
				"supports-color": "^5.5.0",
				"type-detect": "^4.0.8"
			}
		},
		"sinon-chai": {
			"version": "3.2.0",
			"resolved": "https://registry.npmjs.org/sinon-chai/-/sinon-chai-3.2.0.tgz",
			"integrity": "sha512-Z72B4a0l0IQe5uWi9yzcqX/Ml6K9e1Hp03NmkjJnRG3gDsKTX7KvLFZsVUmCaz0eqeXLLK089mwTsP1P1W+DUQ==",
			"dev": true
		},
		"socket.io": {
			"version": "2.1.1",
			"resolved": "https://registry.npmjs.org/socket.io/-/socket.io-2.1.1.tgz",
			"integrity": "sha512-rORqq9c+7W0DAK3cleWNSyfv/qKXV99hV4tZe+gGLfBECw3XEhBy7x85F3wypA9688LKjtwO9pX9L33/xQI8yA==",
			"dev": true,
			"requires": {
				"debug": "~3.1.0",
				"engine.io": "~3.2.0",
				"has-binary2": "~1.0.2",
				"socket.io-adapter": "~1.1.0",
				"socket.io-client": "2.1.1",
				"socket.io-parser": "~3.2.0"
			},
			"dependencies": {
				"debug": {
					"version": "3.1.0",
					"resolved": "https://registry.npmjs.org/debug/-/debug-3.1.0.tgz",
					"integrity": "sha512-OX8XqP7/1a9cqkxYw2yXss15f26NKWBpDXQd0/uK/KPqdQhxbPa994hnzjcE2VqQpDslf55723cKPUOGSmMY3g==",
					"dev": true,
					"requires": {
						"ms": "2.0.0"
					}
				}
			}
		},
		"socket.io-adapter": {
			"version": "1.1.1",
			"resolved": "https://registry.npmjs.org/socket.io-adapter/-/socket.io-adapter-1.1.1.tgz",
			"integrity": "sha1-KoBeihTWNyEk3ZFZrUUC+MsH8Gs=",
			"dev": true
		},
		"socket.io-client": {
			"version": "2.1.1",
			"resolved": "https://registry.npmjs.org/socket.io-client/-/socket.io-client-2.1.1.tgz",
			"integrity": "sha512-jxnFyhAuFxYfjqIgduQlhzqTcOEQSn+OHKVfAxWaNWa7ecP7xSNk2Dx/3UEsDcY7NcFafxvNvKPmmO7HTwTxGQ==",
			"dev": true,
			"requires": {
				"backo2": "1.0.2",
				"base64-arraybuffer": "0.1.5",
				"component-bind": "1.0.0",
				"component-emitter": "1.2.1",
				"debug": "~3.1.0",
				"engine.io-client": "~3.2.0",
				"has-binary2": "~1.0.2",
				"has-cors": "1.1.0",
				"indexof": "0.0.1",
				"object-component": "0.0.3",
				"parseqs": "0.0.5",
				"parseuri": "0.0.5",
				"socket.io-parser": "~3.2.0",
				"to-array": "0.1.4"
			},
			"dependencies": {
				"debug": {
					"version": "3.1.0",
					"resolved": "https://registry.npmjs.org/debug/-/debug-3.1.0.tgz",
					"integrity": "sha512-OX8XqP7/1a9cqkxYw2yXss15f26NKWBpDXQd0/uK/KPqdQhxbPa994hnzjcE2VqQpDslf55723cKPUOGSmMY3g==",
					"dev": true,
					"requires": {
						"ms": "2.0.0"
					}
				}
			}
		},
		"socket.io-parser": {
			"version": "3.2.0",
			"resolved": "https://registry.npmjs.org/socket.io-parser/-/socket.io-parser-3.2.0.tgz",
			"integrity": "sha512-FYiBx7rc/KORMJlgsXysflWx/RIvtqZbyGLlHZvjfmPTPeuD/I8MaW7cfFrj5tRltICJdgwflhfZ3NVVbVLFQA==",
			"dev": true,
			"requires": {
				"component-emitter": "1.2.1",
				"debug": "~3.1.0",
				"isarray": "2.0.1"
			},
			"dependencies": {
				"debug": {
					"version": "3.1.0",
					"resolved": "https://registry.npmjs.org/debug/-/debug-3.1.0.tgz",
					"integrity": "sha512-OX8XqP7/1a9cqkxYw2yXss15f26NKWBpDXQd0/uK/KPqdQhxbPa994hnzjcE2VqQpDslf55723cKPUOGSmMY3g==",
					"dev": true,
					"requires": {
						"ms": "2.0.0"
					}
				}
			}
		},
		"statuses": {
			"version": "1.4.0",
			"resolved": "https://registry.npmjs.org/statuses/-/statuses-1.4.0.tgz",
			"integrity": "sha512-zhSCtt8v2NDrRlPQpCNtw/heZLtfUDqxBM1udqikb/Hbk52LK4nQSwr10u77iopCW5LsyHpuXS0GnEc48mLeew==",
			"dev": true
		},
		"supports-color": {
			"version": "5.5.0",
			"resolved": "https://registry.npmjs.org/supports-color/-/supports-color-5.5.0.tgz",
			"integrity": "sha512-QjVjwdXIt408MIiAqCX4oUKsgU2EqAGzs2Ppkm4aQYbjm+ZEWEcW4SfFNTr4uMNZma0ey4f5lgLrkB0aX0QMow==",
			"dev": true,
			"requires": {
				"has-flag": "^3.0.0"
			}
		},
		"text-encoding": {
			"version": "0.6.4",
			"resolved": "https://registry.npmjs.org/text-encoding/-/text-encoding-0.6.4.tgz",
			"integrity": "sha1-45mpgiV6J22uQou5KEXLcb3CbRk=",
			"dev": true
		},
		"to-array": {
			"version": "0.1.4",
			"resolved": "https://registry.npmjs.org/to-array/-/to-array-0.1.4.tgz",
			"integrity": "sha1-F+bBH3PdTz10zaek/zI46a2b+JA=",
			"dev": true
		},
		"type-detect": {
			"version": "4.0.8",
			"resolved": "https://registry.npmjs.org/type-detect/-/type-detect-4.0.8.tgz",
			"integrity": "sha512-0fr/mIH1dlO+x7TlcMy+bIDqKPsw/70tVyeHW787goQjhmqaZe10uwLujubK9q9Lg6Fiho1KUKDYz0Z7k7g5/g==",
			"dev": true
		},
		"type-is": {
			"version": "1.6.16",
			"resolved": "https://registry.npmjs.org/type-is/-/type-is-1.6.16.tgz",
			"integrity": "sha512-HRkVv/5qY2G6I8iab9cI7v1bOIdhm94dVjQCPFElW9W+3GeDOSHmy2EBYe4VTApuzolPcmgFTN3ftVJRKR2J9Q==",
			"dev": true,
			"requires": {
				"media-typer": "0.3.0",
				"mime-types": "~2.1.18"
			}
		},
		"uberproto": {
			"version": "2.0.4",
			"resolved": "https://registry.npmjs.org/uberproto/-/uberproto-2.0.4.tgz",
			"integrity": "sha512-c/5xjTcztW9XVhrkCycHQRBIAxww5JpDKk/q0zc2tVdQn6ZQvnChWgLvQaWAT1Al5JvRyvloUI15ad41m6dYwg==",
			"dev": true
		},
		"ultron": {
			"version": "1.1.1",
			"resolved": "https://registry.npmjs.org/ultron/-/ultron-1.1.1.tgz",
			"integrity": "sha512-UIEXBNeYmKptWH6z8ZnqTeS8fV74zG0/eRU9VGkpzz+LIJNs8W/zM/L+7ctCkRrgbNnnR0xxw4bKOr0cW0N0Og==",
			"dev": true
		},
		"unpipe": {
			"version": "1.0.0",
			"resolved": "https://registry.npmjs.org/unpipe/-/unpipe-1.0.0.tgz",
			"integrity": "sha1-sr9O6FFKrmFltIF4KdIbLvSZBOw=",
			"dev": true
		},
		"url-pattern": {
			"version": "1.0.3",
			"resolved": "https://registry.npmjs.org/url-pattern/-/url-pattern-1.0.3.tgz",
			"integrity": "sha1-BAkpJHGyTyPFDWWkeTF5PStaz8E=",
			"dev": true
		},
		"utils-merge": {
			"version": "1.0.1",
			"resolved": "https://registry.npmjs.org/utils-merge/-/utils-merge-1.0.1.tgz",
			"integrity": "sha1-n5VxD1CiZ5R7LMwSR0HBAoQn5xM=",
			"dev": true
		},
		"uuid": {
			"version": "3.3.2",
			"resolved": "https://registry.npmjs.org/uuid/-/uuid-3.3.2.tgz",
			"integrity": "sha512-yXJmeNaw3DnnKAOKJE51sL/ZaYfWJRl1pK9dr19YFCu0ObS231AB1/LbqTKRAQ5kw8A90rA6fr4riOUpTZvQZA==",
			"dev": true
		},
		"vary": {
			"version": "1.1.2",
			"resolved": "https://registry.npmjs.org/vary/-/vary-1.1.2.tgz",
			"integrity": "sha1-IpnwLG3tMNSllhsLn3RSShj2NPw=",
			"dev": true
		},
		"ws": {
			"version": "3.3.3",
			"resolved": "https://registry.npmjs.org/ws/-/ws-3.3.3.tgz",
			"integrity": "sha512-nnWLa/NwZSt4KQJu51MYlCcSQ5g7INpOrOMt4XV8j4dqTXdmlUmSHQ8/oLC069ckre0fRsgfvsKwbTdtKLCDkA==",
			"dev": true,
			"requires": {
				"async-limiter": "~1.0.0",
				"safe-buffer": "~5.1.0",
				"ultron": "~1.1.0"
			}
		},
		"xmlhttprequest-ssl": {
			"version": "1.5.5",
			"resolved": "https://registry.npmjs.org/xmlhttprequest-ssl/-/xmlhttprequest-ssl-1.5.5.tgz",
			"integrity": "sha1-wodrBhaKrcQOV9l+gRkayPQ5iz4=",
			"dev": true
		},
		"yeast": {
			"version": "0.1.2",
			"resolved": "https://registry.npmjs.org/yeast/-/yeast-0.1.2.tgz",
			"integrity": "sha1-AI4G2AlDIMNy28L47XagymyKxBk=",
			"dev": true
		}
	}
}
