{
	"name": "@feathersjs/authentication-oauth1",
	"version": "1.0.7",
	"lockfileVersion": 1,
	"requires": true,
	"dependencies": {
		"chai": {
			"version": "4.1.2",
			"resolved": "https://registry.npmjs.org/chai/-/chai-4.1.2.tgz",
			"integrity": "sha1-D2RYS6ZC8PKs4oBiefTwbKI61zw=",
			"dev": true,
			"requires": {
				"assertion-error": "^1.0.1",
				"check-error": "^1.0.1",
				"deep-eql": "^3.0.0",
				"get-func-name": "^2.0.0",
				"pathval": "^1.0.0",
				"type-detect": "^4.0.0"
			},
			"dependencies": {
				"assertion-error": {
					"version": "1.1.0",
					"resolved": "https://registry.npmjs.org/assertion-error/-/assertion-error-1.1.0.tgz",
					"integrity": "sha512-jgsaNduz+ndvGyFt3uSuWqvy4lCnIJiovtouQN5JZHOKCS2QuhEdbcQHFhVksz2N2U9hXJo8odG7ETyWlEeuDw==",
					"dev": true
				},
				"check-error": {
					"version": "1.0.2",
					"resolved": "https://registry.npmjs.org/check-error/-/check-error-1.0.2.tgz",
					"integrity": "sha1-V00xLt2Iu13YkS6Sht1sCu1KrII=",
					"dev": true
				},
				"deep-eql": {
					"version": "3.0.1",
					"resolved": "https://registry.npmjs.org/deep-eql/-/deep-eql-3.0.1.tgz",
					"integrity": "sha512-+QeIQyN5ZuO+3Uk5DYh6/1eKO0m0YmJFGNmFHGACpf1ClL1nmlV/p4gNgbl2pJGxgXb4faqo6UE+M5ACEMyVcw==",
					"dev": true,
					"requires": {
						"type-detect": "^4.0.0"
					}
				},
				"get-func-name": {
					"version": "2.0.0",
					"resolved": "https://registry.npmjs.org/get-func-name/-/get-func-name-2.0.0.tgz",
					"integrity": "sha1-6td0q+5y4gQJQzoGY2YCPdaIekE=",
					"dev": true
				},
				"pathval": {
					"version": "1.1.0",
					"resolved": "https://registry.npmjs.org/pathval/-/pathval-1.1.0.tgz",
					"integrity": "sha1-uULm1L3mUwBe9rcTYd74cn0GReA=",
					"dev": true
				},
				"type-detect": {
					"version": "4.0.8",
					"resolved": "https://registry.npmjs.org/type-detect/-/type-detect-4.0.8.tgz",
					"integrity": "sha512-0fr/mIH1dlO+x7TlcMy+bIDqKPsw/70tVyeHW787goQjhmqaZe10uwLujubK9q9Lg6Fiho1KUKDYz0Z7k7g5/g==",
					"dev": true
				}
			}
		}
	}
}
